// !$*UTF8*$!
{
	archiveVersion = 1;
	classes = {
	};
	objectVersion = 60;
	objects = {

/* Begin PBXBuildFile section */
		EE2D7D8A2B23609200962C1A /* NotificationButton.swift in Sources */ = {isa = PBXBuildFile; fileRef = EE2D7D892B23609200962C1A /* NotificationButton.swift */; };
		EE2D7D8E2B2360DD00962C1A /* NotificationsView.swift in Sources */ = {isa = PBXBuildFile; fileRef = EE2D7D8C2B2360DD00962C1A /* NotificationsView.swift */; };
		EE2D7D8F2B2360DD00962C1A /* NotificationsViewModel.swift in Sources */ = {isa = PBXBuildFile; fileRef = EE2D7D8D2B2360DD00962C1A /* NotificationsViewModel.swift */; };
		EE31F6582B1F736A0055E9BC /* SignupView.swift in Sources */ = {isa = PBXBuildFile; fileRef = EE31F6562B1F736A0055E9BC /* SignupView.swift */; };
		EE31F6592B1F736A0055E9BC /* SignupViewModel.swift in Sources */ = {isa = PBXBuildFile; fileRef = EE31F6572B1F736A0055E9BC /* SignupViewModel.swift */; };
		EE31F65B2B1F82610055E9BC /* OnboardingView.swift in Sources */ = {isa = PBXBuildFile; fileRef = EE31F65A2B1F82610055E9BC /* OnboardingView.swift */; };
		EE31F65F2B1F88E10055E9BC /* LoginView.swift in Sources */ = {isa = PBXBuildFile; fileRef = EE31F65D2B1F88E10055E9BC /* LoginView.swift */; };
		EE31F6602B1F88E10055E9BC /* LoginViewModel.swift in Sources */ = {isa = PBXBuildFile; fileRef = EE31F65E2B1F88E10055E9BC /* LoginViewModel.swift */; };
		EE3318F92B21FFCB004CE24F /* Coordinator.swift in Sources */ = {isa = PBXBuildFile; fileRef = EE3318F82B21FFCB004CE24F /* Coordinator.swift */; };
		EE545A8C2B2B2E7500304815 /* CategoryPicker.swift in Sources */ = {isa = PBXBuildFile; fileRef = EE545A8B2B2B2E7500304815 /* CategoryPicker.swift */; };
		EE77ED0F2B2DAE56002267C6 /* LiveSection.swift in Sources */ = {isa = PBXBuildFile; fileRef = EE77ED0E2B2DAE56002267C6 /* LiveSection.swift */; };
		EE82D7EC2B2DB7940056FE7F /* MatchHiglightsSection.swift in Sources */ = {isa = PBXBuildFile; fileRef = EE82D7EB2B2DB7940056FE7F /* MatchHiglightsSection.swift */; };
		EE92973E2B1F2A2A00877512 /* AppDelegate.swift in Sources */ = {isa = PBXBuildFile; fileRef = EE92973D2B1F2A2A00877512 /* AppDelegate.swift */; };
		EE9297402B1F2A2A00877512 /* SceneDelegate.swift in Sources */ = {isa = PBXBuildFile; fileRef = EE92973F2B1F2A2A00877512 /* SceneDelegate.swift */; };
		EE9297472B1F2A2C00877512 /* Assets.xcassets in Resources */ = {isa = PBXBuildFile; fileRef = EE9297462B1F2A2C00877512 /* Assets.xcassets */; };
		EE92974A2B1F2A2C00877512 /* LaunchScreen.storyboard in Resources */ = {isa = PBXBuildFile; fileRef = EE9297482B1F2A2C00877512 /* LaunchScreen.storyboard */; };
		EE9297522B1F31B500877512 /* .swiftlint.yml in Resources */ = {isa = PBXBuildFile; fileRef = EE9297512B1F31B500877512 /* .swiftlint.yml */; };
		EE92975A2B1F349C00877512 /* Colors.xcassets in Resources */ = {isa = PBXBuildFile; fileRef = EE9297592B1F349C00877512 /* Colors.xcassets */; };
		EE9297602B1F34E500877512 /* Localizable.strings in Resources */ = {isa = PBXBuildFile; fileRef = EE9297622B1F34E500877512 /* Localizable.strings */; };
		EE9297652B1F34F500877512 /* swiftgen.yml in Resources */ = {isa = PBXBuildFile; fileRef = EE9297642B1F34F500877512 /* swiftgen.yml */; };
		EE9297682B1F358A00877512 /* Strings+Generated.swift in Sources */ = {isa = PBXBuildFile; fileRef = EE9297672B1F358A00877512 /* Strings+Generated.swift */; };
		EE92976D2B1F365300877512 /* SplashView.swift in Sources */ = {isa = PBXBuildFile; fileRef = EE92976B2B1F365300877512 /* SplashView.swift */; };
		EE9297732B1F378800877512 /* UIFont+Style.swift in Sources */ = {isa = PBXBuildFile; fileRef = EE9297722B1F378800877512 /* UIFont+Style.swift */; };
		EE9297802B1F416700877512 /* RobotoCondensed.ttf in Resources */ = {isa = PBXBuildFile; fileRef = EE92977F2B1F416700877512 /* RobotoCondensed.ttf */; };
		EE9297832B1F481500877512 /* SPContainerView.swift in Sources */ = {isa = PBXBuildFile; fileRef = EE9297822B1F481500877512 /* SPContainerView.swift */; };
		EE9297852B1F4A9400877512 /* SPLogo.swift in Sources */ = {isa = PBXBuildFile; fileRef = EE9297842B1F4A9400877512 /* SPLogo.swift */; };
		EE9297882B1F4F2000877512 /* Spacing.swift in Sources */ = {isa = PBXBuildFile; fileRef = EE9297872B1F4F2000877512 /* Spacing.swift */; };
		EE92978A2B1F5F2000877512 /* SPShape.swift in Sources */ = {isa = PBXBuildFile; fileRef = EE9297892B1F5F2000877512 /* SPShape.swift */; };
		EE92978C2B1F5F3900877512 /* SPButton.swift in Sources */ = {isa = PBXBuildFile; fileRef = EE92978B2B1F5F3900877512 /* SPButton.swift */; };
		EE9297922B1F63F400877512 /* Extensions in Frameworks */ = {isa = PBXBuildFile; productRef = EE9297912B1F63F400877512 /* Extensions */; };
		EE92F3522B29A5E7002DC81F /* LeaguesSection.swift in Sources */ = {isa = PBXBuildFile; fileRef = EE92F3512B29A5E7002DC81F /* LeaguesSection.swift */; };
		EE92F3542B29A9E1002DC81F /* SPLeague.swift in Sources */ = {isa = PBXBuildFile; fileRef = EE92F3532B29A9E1002DC81F /* SPLeague.swift */; };
		EE92F3562B29AEA5002DC81F /* FeaturedMatchesSection.swift in Sources */ = {isa = PBXBuildFile; fileRef = EE92F3552B29AEA5002DC81F /* FeaturedMatchesSection.swift */; };
		EE92F3582B29C36A002DC81F /* SPFeaturedMatch.swift in Sources */ = {isa = PBXBuildFile; fileRef = EE92F3572B29C36A002DC81F /* SPFeaturedMatch.swift */; };
		EE92F35D2B29D5AD002DC81F /* NewsDetailsView.swift in Sources */ = {isa = PBXBuildFile; fileRef = EE92F35B2B29D5AD002DC81F /* NewsDetailsView.swift */; };
		EE92F35E2B29D5AD002DC81F /* NewsDetailsViewModel.swift in Sources */ = {isa = PBXBuildFile; fileRef = EE92F35C2B29D5AD002DC81F /* NewsDetailsViewModel.swift */; };
		EE92F3602B29DE3D002DC81F /* SPNavigationController.swift in Sources */ = {isa = PBXBuildFile; fileRef = EE92F35F2B29DE3D002DC81F /* SPNavigationController.swift */; };
		EE94EE1F2B2330C8005F4628 /* TabBarView.swift in Sources */ = {isa = PBXBuildFile; fileRef = EE94EE1D2B2330C8005F4628 /* TabBarView.swift */; };
		EE94EE202B2330C8005F4628 /* TabBarViewModel.swift in Sources */ = {isa = PBXBuildFile; fileRef = EE94EE1E2B2330C8005F4628 /* TabBarViewModel.swift */; };
		EE94EE222B233622005F4628 /* TabBarModel.swift in Sources */ = {isa = PBXBuildFile; fileRef = EE94EE212B233622005F4628 /* TabBarModel.swift */; };
		EE94EE292B233920005F4628 /* HomeView.swift in Sources */ = {isa = PBXBuildFile; fileRef = EE94EE272B233920005F4628 /* HomeView.swift */; };
		EE94EE2A2B233920005F4628 /* HomeViewModel.swift in Sources */ = {isa = PBXBuildFile; fileRef = EE94EE282B233920005F4628 /* HomeViewModel.swift */; };
		EE94EE2D2B233928005F4628 /* NewsView.swift in Sources */ = {isa = PBXBuildFile; fileRef = EE94EE2B2B233928005F4628 /* NewsView.swift */; };
		EE94EE2E2B233928005F4628 /* NewsViewModel.swift in Sources */ = {isa = PBXBuildFile; fileRef = EE94EE2C2B233928005F4628 /* NewsViewModel.swift */; };
		EE94EE312B23392F005F4628 /* HighlightsView.swift in Sources */ = {isa = PBXBuildFile; fileRef = EE94EE2F2B23392F005F4628 /* HighlightsView.swift */; };
		EE94EE322B23392F005F4628 /* HighlightsViewModel.swift in Sources */ = {isa = PBXBuildFile; fileRef = EE94EE302B23392F005F4628 /* HighlightsViewModel.swift */; };
		EE94EE352B233935005F4628 /* ProfileView.swift in Sources */ = {isa = PBXBuildFile; fileRef = EE94EE332B233935005F4628 /* ProfileView.swift */; };
		EE94EE362B233935005F4628 /* ProfileViewModel.swift in Sources */ = {isa = PBXBuildFile; fileRef = EE94EE342B233935005F4628 /* ProfileViewModel.swift */; };
		EE94EE382B233BE2005F4628 /* BarView.swift in Sources */ = {isa = PBXBuildFile; fileRef = EE94EE372B233BE2005F4628 /* BarView.swift */; };
		EE9BF2892B245EAF00A7CBF2 /* SPCategory.swift in Sources */ = {isa = PBXBuildFile; fileRef = EE9BF2882B245EAF00A7CBF2 /* SPCategory.swift */; };
		EE9BF28C2B2468D100A7CBF2 /* CategoriesSection.swift in Sources */ = {isa = PBXBuildFile; fileRef = EE9BF28B2B2468D100A7CBF2 /* CategoriesSection.swift */; };
		EE9BF28E2B246DB200A7CBF2 /* NewsSection.swift in Sources */ = {isa = PBXBuildFile; fileRef = EE9BF28D2B246DB200A7CBF2 /* NewsSection.swift */; };
		EE9BF2912B24839D00A7CBF2 /* SPNews.swift in Sources */ = {isa = PBXBuildFile; fileRef = EE9BF2902B24839D00A7CBF2 /* SPNews.swift */; };
		EE9BF2932B2495F200A7CBF2 /* Rhombus.swift in Sources */ = {isa = PBXBuildFile; fileRef = EE9BF2922B2495F200A7CBF2 /* Rhombus.swift */; };
		EE9BF2952B249D8E00A7CBF2 /* SPPaginationView.swift in Sources */ = {isa = PBXBuildFile; fileRef = EE9BF2942B249D8E00A7CBF2 /* SPPaginationView.swift */; };
		EE9BF2982B24AAA900A7CBF2 /* FIFASection.swift in Sources */ = {isa = PBXBuildFile; fileRef = EE9BF2972B24AAA900A7CBF2 /* FIFASection.swift */; };
		EE9BF29A2B24AAC700A7CBF2 /* SPSectionHeader.swift in Sources */ = {isa = PBXBuildFile; fileRef = EE9BF2992B24AAC700A7CBF2 /* SPSectionHeader.swift */; };
		EE9BF29C2B24BD4B00A7CBF2 /* SPMatch.swift in Sources */ = {isa = PBXBuildFile; fileRef = EE9BF29B2B24BD4B00A7CBF2 /* SPMatch.swift */; };
		EE9BF29E2B24BD9800A7CBF2 /* SPTeam.swift in Sources */ = {isa = PBXBuildFile; fileRef = EE9BF29D2B24BD9800A7CBF2 /* SPTeam.swift */; };
		EEA49AD62B2C727F0044CF05 /* MatchTypePicker.swift in Sources */ = {isa = PBXBuildFile; fileRef = EEA49AD52B2C727F0044CF05 /* MatchTypePicker.swift */; };
		EEA49AD92B2C7C070044CF05 /* FootballMatch.swift in Sources */ = {isa = PBXBuildFile; fileRef = EEA49AD82B2C7C070044CF05 /* FootballMatch.swift */; };
		EEA49ADB2B2C7C460044CF05 /* FootballTeam.swift in Sources */ = {isa = PBXBuildFile; fileRef = EEA49ADA2B2C7C460044CF05 /* FootballTeam.swift */; };
		EEA49ADD2B2C7CF80044CF05 /* FootballLeague.swift in Sources */ = {isa = PBXBuildFile; fileRef = EEA49ADC2B2C7CF80044CF05 /* FootballLeague.swift */; };
		EEA49AE02B2C81890044CF05 /* UpcomingFootballMatchesSection.swift in Sources */ = {isa = PBXBuildFile; fileRef = EEA49ADF2B2C81890044CF05 /* UpcomingFootballMatchesSection.swift */; };
		EEA49AE22B2C846D0044CF05 /* PastFootballMatchesSection.swift in Sources */ = {isa = PBXBuildFile; fileRef = EEA49AE12B2C846D0044CF05 /* PastFootballMatchesSection.swift */; };
		EEA49AE42B2C96410044CF05 /* MatchShape.swift in Sources */ = {isa = PBXBuildFile; fileRef = EEA49AE32B2C96410044CF05 /* MatchShape.swift */; };
		EEA49AE72B2CA1FE0044CF05 /* BasketballMatch.swift in Sources */ = {isa = PBXBuildFile; fileRef = EEA49AE62B2CA1FE0044CF05 /* BasketballMatch.swift */; };
		EEA49AE92B2CA2130044CF05 /* BasketballTeam.swift in Sources */ = {isa = PBXBuildFile; fileRef = EEA49AE82B2CA2130044CF05 /* BasketballTeam.swift */; };
		EEA49AEB2B2CA2330044CF05 /* BasketballLeague.swift in Sources */ = {isa = PBXBuildFile; fileRef = EEA49AEA2B2CA2330044CF05 /* BasketballLeague.swift */; };
		EEA49AED2B2CA4600044CF05 /* UpcomingBasketballMatchesSection.swift in Sources */ = {isa = PBXBuildFile; fileRef = EEA49AEC2B2CA4600044CF05 /* UpcomingBasketballMatchesSection.swift */; };
		EEA49AEF2B2CB7B60044CF05 /* UpcomingCricketMatchesSection.swift in Sources */ = {isa = PBXBuildFile; fileRef = EEA49AEE2B2CB7B60044CF05 /* UpcomingCricketMatchesSection.swift */; };
		EEB535982B2052D800B158D6 /* SPTextField.swift in Sources */ = {isa = PBXBuildFile; fileRef = EEB535972B2052D800B158D6 /* SPTextField.swift */; };
		EEB5359A2B20AEE200B158D6 /* AppRouter.swift in Sources */ = {isa = PBXBuildFile; fileRef = EEB535992B20AEE200B158D6 /* AppRouter.swift */; };
		EEB5359C2B20C2F900B158D6 /* ModalRouter.swift in Sources */ = {isa = PBXBuildFile; fileRef = EEB5359B2B20C2F900B158D6 /* ModalRouter.swift */; };
		EEB5359F2B20C32800B158D6 /* Router.swift in Sources */ = {isa = PBXBuildFile; fileRef = EEB5359E2B20C32800B158D6 /* Router.swift */; };
		EEB535A12B20C38200B158D6 /* AuthManager.swift in Sources */ = {isa = PBXBuildFile; fileRef = EEB535A02B20C38200B158D6 /* AuthManager.swift */; };
		EEB535A62B20DFE900B158D6 /* NavigationRouter.swift in Sources */ = {isa = PBXBuildFile; fileRef = EEB535A52B20DFE900B158D6 /* NavigationRouter.swift */; };
/* End PBXBuildFile section */

/* Begin PBXFileReference section */
		EE2D7D892B23609200962C1A /* NotificationButton.swift */ = {isa = PBXFileReference; lastKnownFileType = sourcecode.swift; path = NotificationButton.swift; sourceTree = "<group>"; };
		EE2D7D8C2B2360DD00962C1A /* NotificationsView.swift */ = {isa = PBXFileReference; lastKnownFileType = sourcecode.swift; path = NotificationsView.swift; sourceTree = "<group>"; };
		EE2D7D8D2B2360DD00962C1A /* NotificationsViewModel.swift */ = {isa = PBXFileReference; lastKnownFileType = sourcecode.swift; path = NotificationsViewModel.swift; sourceTree = "<group>"; };
		EE31F6562B1F736A0055E9BC /* SignupView.swift */ = {isa = PBXFileReference; lastKnownFileType = sourcecode.swift; path = SignupView.swift; sourceTree = "<group>"; };
		EE31F6572B1F736A0055E9BC /* SignupViewModel.swift */ = {isa = PBXFileReference; lastKnownFileType = sourcecode.swift; path = SignupViewModel.swift; sourceTree = "<group>"; };
		EE31F65A2B1F82610055E9BC /* OnboardingView.swift */ = {isa = PBXFileReference; lastKnownFileType = sourcecode.swift; path = OnboardingView.swift; sourceTree = "<group>"; };
		EE31F65D2B1F88E10055E9BC /* LoginView.swift */ = {isa = PBXFileReference; lastKnownFileType = sourcecode.swift; path = LoginView.swift; sourceTree = "<group>"; };
		EE31F65E2B1F88E10055E9BC /* LoginViewModel.swift */ = {isa = PBXFileReference; lastKnownFileType = sourcecode.swift; path = LoginViewModel.swift; sourceTree = "<group>"; };
		EE3318F82B21FFCB004CE24F /* Coordinator.swift */ = {isa = PBXFileReference; lastKnownFileType = sourcecode.swift; path = Coordinator.swift; sourceTree = "<group>"; };
		EE545A8B2B2B2E7500304815 /* CategoryPicker.swift */ = {isa = PBXFileReference; lastKnownFileType = sourcecode.swift; path = CategoryPicker.swift; sourceTree = "<group>"; };
		EE77ED0E2B2DAE56002267C6 /* LiveSection.swift */ = {isa = PBXFileReference; lastKnownFileType = sourcecode.swift; path = LiveSection.swift; sourceTree = "<group>"; };
		EE82D7EB2B2DB7940056FE7F /* MatchHiglightsSection.swift */ = {isa = PBXFileReference; lastKnownFileType = sourcecode.swift; path = MatchHiglightsSection.swift; sourceTree = "<group>"; };
		EE92973A2B1F2A2A00877512 /* Sportify.app */ = {isa = PBXFileReference; explicitFileType = wrapper.application; includeInIndex = 0; path = Sportify.app; sourceTree = BUILT_PRODUCTS_DIR; };
		EE92973D2B1F2A2A00877512 /* AppDelegate.swift */ = {isa = PBXFileReference; lastKnownFileType = sourcecode.swift; path = AppDelegate.swift; sourceTree = "<group>"; };
		EE92973F2B1F2A2A00877512 /* SceneDelegate.swift */ = {isa = PBXFileReference; lastKnownFileType = sourcecode.swift; path = SceneDelegate.swift; sourceTree = "<group>"; };
		EE9297462B1F2A2C00877512 /* Assets.xcassets */ = {isa = PBXFileReference; lastKnownFileType = folder.assetcatalog; path = Assets.xcassets; sourceTree = "<group>"; };
		EE9297492B1F2A2C00877512 /* Base */ = {isa = PBXFileReference; lastKnownFileType = file.storyboard; name = Base; path = Base.lproj/LaunchScreen.storyboard; sourceTree = "<group>"; };
		EE92974B2B1F2A2C00877512 /* Info.plist */ = {isa = PBXFileReference; lastKnownFileType = text.plist.xml; path = Info.plist; sourceTree = "<group>"; };
		EE9297512B1F31B500877512 /* .swiftlint.yml */ = {isa = PBXFileReference; fileEncoding = 4; lastKnownFileType = text.yaml; path = .swiftlint.yml; sourceTree = "<group>"; };
		EE9297592B1F349C00877512 /* Colors.xcassets */ = {isa = PBXFileReference; lastKnownFileType = folder.assetcatalog; path = Colors.xcassets; sourceTree = "<group>"; };
		EE92975F2B1F34DE00877512 /* ar */ = {isa = PBXFileReference; lastKnownFileType = text.plist.strings; name = ar; path = ar.lproj/LaunchScreen.strings; sourceTree = "<group>"; };
		EE9297612B1F34E500877512 /* en */ = {isa = PBXFileReference; lastKnownFileType = text.plist.strings; name = en; path = en.lproj/Localizable.strings; sourceTree = "<group>"; };
		EE9297632B1F34E600877512 /* ar */ = {isa = PBXFileReference; lastKnownFileType = text.plist.strings; name = ar; path = ar.lproj/Localizable.strings; sourceTree = "<group>"; };
		EE9297642B1F34F500877512 /* swiftgen.yml */ = {isa = PBXFileReference; fileEncoding = 4; lastKnownFileType = text.yaml; path = swiftgen.yml; sourceTree = "<group>"; };
		EE9297672B1F358A00877512 /* Strings+Generated.swift */ = {isa = PBXFileReference; fileEncoding = 4; lastKnownFileType = sourcecode.swift; path = "Strings+Generated.swift"; sourceTree = "<group>"; };
		EE92976B2B1F365300877512 /* SplashView.swift */ = {isa = PBXFileReference; lastKnownFileType = sourcecode.swift; path = SplashView.swift; sourceTree = "<group>"; };
		EE9297722B1F378800877512 /* UIFont+Style.swift */ = {isa = PBXFileReference; lastKnownFileType = sourcecode.swift; path = "UIFont+Style.swift"; sourceTree = "<group>"; };
		EE92977F2B1F416700877512 /* RobotoCondensed.ttf */ = {isa = PBXFileReference; lastKnownFileType = file; path = RobotoCondensed.ttf; sourceTree = "<group>"; };
		EE9297822B1F481500877512 /* SPContainerView.swift */ = {isa = PBXFileReference; lastKnownFileType = sourcecode.swift; path = SPContainerView.swift; sourceTree = "<group>"; };
		EE9297842B1F4A9400877512 /* SPLogo.swift */ = {isa = PBXFileReference; lastKnownFileType = sourcecode.swift; path = SPLogo.swift; sourceTree = "<group>"; };
		EE9297872B1F4F2000877512 /* Spacing.swift */ = {isa = PBXFileReference; lastKnownFileType = sourcecode.swift; path = Spacing.swift; sourceTree = "<group>"; };
		EE9297892B1F5F2000877512 /* SPShape.swift */ = {isa = PBXFileReference; lastKnownFileType = sourcecode.swift; path = SPShape.swift; sourceTree = "<group>"; };
		EE92978B2B1F5F3900877512 /* SPButton.swift */ = {isa = PBXFileReference; lastKnownFileType = sourcecode.swift; path = SPButton.swift; sourceTree = "<group>"; };
		EE92F3512B29A5E7002DC81F /* LeaguesSection.swift */ = {isa = PBXFileReference; lastKnownFileType = sourcecode.swift; path = LeaguesSection.swift; sourceTree = "<group>"; };
		EE92F3532B29A9E1002DC81F /* SPLeague.swift */ = {isa = PBXFileReference; lastKnownFileType = sourcecode.swift; path = SPLeague.swift; sourceTree = "<group>"; };
		EE92F3552B29AEA5002DC81F /* FeaturedMatchesSection.swift */ = {isa = PBXFileReference; lastKnownFileType = sourcecode.swift; path = FeaturedMatchesSection.swift; sourceTree = "<group>"; };
		EE92F3572B29C36A002DC81F /* SPFeaturedMatch.swift */ = {isa = PBXFileReference; lastKnownFileType = sourcecode.swift; path = SPFeaturedMatch.swift; sourceTree = "<group>"; };
		EE92F35B2B29D5AD002DC81F /* NewsDetailsView.swift */ = {isa = PBXFileReference; lastKnownFileType = sourcecode.swift; path = NewsDetailsView.swift; sourceTree = "<group>"; };
		EE92F35C2B29D5AD002DC81F /* NewsDetailsViewModel.swift */ = {isa = PBXFileReference; lastKnownFileType = sourcecode.swift; path = NewsDetailsViewModel.swift; sourceTree = "<group>"; };
		EE92F35F2B29DE3D002DC81F /* SPNavigationController.swift */ = {isa = PBXFileReference; lastKnownFileType = sourcecode.swift; path = SPNavigationController.swift; sourceTree = "<group>"; };
		EE94EE1D2B2330C8005F4628 /* TabBarView.swift */ = {isa = PBXFileReference; lastKnownFileType = sourcecode.swift; path = TabBarView.swift; sourceTree = "<group>"; };
		EE94EE1E2B2330C8005F4628 /* TabBarViewModel.swift */ = {isa = PBXFileReference; lastKnownFileType = sourcecode.swift; path = TabBarViewModel.swift; sourceTree = "<group>"; };
		EE94EE212B233622005F4628 /* TabBarModel.swift */ = {isa = PBXFileReference; lastKnownFileType = sourcecode.swift; path = TabBarModel.swift; sourceTree = "<group>"; };
		EE94EE272B233920005F4628 /* HomeView.swift */ = {isa = PBXFileReference; lastKnownFileType = sourcecode.swift; path = HomeView.swift; sourceTree = "<group>"; };
		EE94EE282B233920005F4628 /* HomeViewModel.swift */ = {isa = PBXFileReference; lastKnownFileType = sourcecode.swift; path = HomeViewModel.swift; sourceTree = "<group>"; };
		EE94EE2B2B233928005F4628 /* NewsView.swift */ = {isa = PBXFileReference; lastKnownFileType = sourcecode.swift; path = NewsView.swift; sourceTree = "<group>"; };
		EE94EE2C2B233928005F4628 /* NewsViewModel.swift */ = {isa = PBXFileReference; lastKnownFileType = sourcecode.swift; path = NewsViewModel.swift; sourceTree = "<group>"; };
		EE94EE2F2B23392F005F4628 /* HighlightsView.swift */ = {isa = PBXFileReference; lastKnownFileType = sourcecode.swift; path = HighlightsView.swift; sourceTree = "<group>"; };
		EE94EE302B23392F005F4628 /* HighlightsViewModel.swift */ = {isa = PBXFileReference; lastKnownFileType = sourcecode.swift; path = HighlightsViewModel.swift; sourceTree = "<group>"; };
		EE94EE332B233935005F4628 /* ProfileView.swift */ = {isa = PBXFileReference; lastKnownFileType = sourcecode.swift; path = ProfileView.swift; sourceTree = "<group>"; };
		EE94EE342B233935005F4628 /* ProfileViewModel.swift */ = {isa = PBXFileReference; lastKnownFileType = sourcecode.swift; path = ProfileViewModel.swift; sourceTree = "<group>"; };
		EE94EE372B233BE2005F4628 /* BarView.swift */ = {isa = PBXFileReference; lastKnownFileType = sourcecode.swift; path = BarView.swift; sourceTree = "<group>"; };
		EE9BF2882B245EAF00A7CBF2 /* SPCategory.swift */ = {isa = PBXFileReference; lastKnownFileType = sourcecode.swift; path = SPCategory.swift; sourceTree = "<group>"; };
		EE9BF28B2B2468D100A7CBF2 /* CategoriesSection.swift */ = {isa = PBXFileReference; lastKnownFileType = sourcecode.swift; path = CategoriesSection.swift; sourceTree = "<group>"; };
		EE9BF28D2B246DB200A7CBF2 /* NewsSection.swift */ = {isa = PBXFileReference; lastKnownFileType = sourcecode.swift; path = NewsSection.swift; sourceTree = "<group>"; };
		EE9BF2902B24839D00A7CBF2 /* SPNews.swift */ = {isa = PBXFileReference; lastKnownFileType = sourcecode.swift; path = SPNews.swift; sourceTree = "<group>"; };
		EE9BF2922B2495F200A7CBF2 /* Rhombus.swift */ = {isa = PBXFileReference; lastKnownFileType = sourcecode.swift; path = Rhombus.swift; sourceTree = "<group>"; };
		EE9BF2942B249D8E00A7CBF2 /* SPPaginationView.swift */ = {isa = PBXFileReference; lastKnownFileType = sourcecode.swift; path = SPPaginationView.swift; sourceTree = "<group>"; };
		EE9BF2972B24AAA900A7CBF2 /* FIFASection.swift */ = {isa = PBXFileReference; lastKnownFileType = sourcecode.swift; path = FIFASection.swift; sourceTree = "<group>"; };
		EE9BF2992B24AAC700A7CBF2 /* SPSectionHeader.swift */ = {isa = PBXFileReference; lastKnownFileType = sourcecode.swift; path = SPSectionHeader.swift; sourceTree = "<group>"; };
		EE9BF29B2B24BD4B00A7CBF2 /* SPMatch.swift */ = {isa = PBXFileReference; lastKnownFileType = sourcecode.swift; path = SPMatch.swift; sourceTree = "<group>"; };
		EE9BF29D2B24BD9800A7CBF2 /* SPTeam.swift */ = {isa = PBXFileReference; lastKnownFileType = sourcecode.swift; path = SPTeam.swift; sourceTree = "<group>"; };
		EEA49AD52B2C727F0044CF05 /* MatchTypePicker.swift */ = {isa = PBXFileReference; lastKnownFileType = sourcecode.swift; path = MatchTypePicker.swift; sourceTree = "<group>"; };
		EEA49AD82B2C7C070044CF05 /* FootballMatch.swift */ = {isa = PBXFileReference; lastKnownFileType = sourcecode.swift; path = FootballMatch.swift; sourceTree = "<group>"; };
		EEA49ADA2B2C7C460044CF05 /* FootballTeam.swift */ = {isa = PBXFileReference; lastKnownFileType = sourcecode.swift; path = FootballTeam.swift; sourceTree = "<group>"; };
		EEA49ADC2B2C7CF80044CF05 /* FootballLeague.swift */ = {isa = PBXFileReference; lastKnownFileType = sourcecode.swift; path = FootballLeague.swift; sourceTree = "<group>"; };
		EEA49ADF2B2C81890044CF05 /* UpcomingFootballMatchesSection.swift */ = {isa = PBXFileReference; lastKnownFileType = sourcecode.swift; path = UpcomingFootballMatchesSection.swift; sourceTree = "<group>"; };
		EEA49AE12B2C846D0044CF05 /* PastFootballMatchesSection.swift */ = {isa = PBXFileReference; lastKnownFileType = sourcecode.swift; path = PastFootballMatchesSection.swift; sourceTree = "<group>"; };
		EEA49AE32B2C96410044CF05 /* MatchShape.swift */ = {isa = PBXFileReference; lastKnownFileType = sourcecode.swift; path = MatchShape.swift; sourceTree = "<group>"; };
		EEA49AE62B2CA1FE0044CF05 /* BasketballMatch.swift */ = {isa = PBXFileReference; lastKnownFileType = sourcecode.swift; path = BasketballMatch.swift; sourceTree = "<group>"; };
		EEA49AE82B2CA2130044CF05 /* BasketballTeam.swift */ = {isa = PBXFileReference; lastKnownFileType = sourcecode.swift; path = BasketballTeam.swift; sourceTree = "<group>"; };
		EEA49AEA2B2CA2330044CF05 /* BasketballLeague.swift */ = {isa = PBXFileReference; lastKnownFileType = sourcecode.swift; path = BasketballLeague.swift; sourceTree = "<group>"; };
		EEA49AEC2B2CA4600044CF05 /* UpcomingBasketballMatchesSection.swift */ = {isa = PBXFileReference; lastKnownFileType = sourcecode.swift; path = UpcomingBasketballMatchesSection.swift; sourceTree = "<group>"; };
		EEA49AEE2B2CB7B60044CF05 /* UpcomingCricketMatchesSection.swift */ = {isa = PBXFileReference; lastKnownFileType = sourcecode.swift; path = UpcomingCricketMatchesSection.swift; sourceTree = "<group>"; };
		EEB535972B2052D800B158D6 /* SPTextField.swift */ = {isa = PBXFileReference; lastKnownFileType = sourcecode.swift; path = SPTextField.swift; sourceTree = "<group>"; };
		EEB535992B20AEE200B158D6 /* AppRouter.swift */ = {isa = PBXFileReference; lastKnownFileType = sourcecode.swift; path = AppRouter.swift; sourceTree = "<group>"; };
		EEB5359B2B20C2F900B158D6 /* ModalRouter.swift */ = {isa = PBXFileReference; lastKnownFileType = sourcecode.swift; path = ModalRouter.swift; sourceTree = "<group>"; };
		EEB5359E2B20C32800B158D6 /* Router.swift */ = {isa = PBXFileReference; lastKnownFileType = sourcecode.swift; path = Router.swift; sourceTree = "<group>"; };
		EEB535A02B20C38200B158D6 /* AuthManager.swift */ = {isa = PBXFileReference; lastKnownFileType = sourcecode.swift; path = AuthManager.swift; sourceTree = "<group>"; };
		EEB535A52B20DFE900B158D6 /* NavigationRouter.swift */ = {isa = PBXFileReference; lastKnownFileType = sourcecode.swift; path = NavigationRouter.swift; sourceTree = "<group>"; };
/* End PBXFileReference section */

/* Begin PBXFrameworksBuildPhase section */
		EE9297372B1F2A2A00877512 /* Frameworks */ = {
			isa = PBXFrameworksBuildPhase;
			buildActionMask = 2147483647;
			files = (
				EE9297922B1F63F400877512 /* Extensions in Frameworks */,
			);
			runOnlyForDeploymentPostprocessing = 0;
		};
/* End PBXFrameworksBuildPhase section */

/* Begin PBXGroup section */
		EE2D7D8B2B2360C200962C1A /* Notification */ = {
			isa = PBXGroup;
			children = (
				EE2D7D8C2B2360DD00962C1A /* NotificationsView.swift */,
				EE2D7D8D2B2360DD00962C1A /* NotificationsViewModel.swift */,
			);
			path = Notification;
			sourceTree = "<group>";
		};
		EE31F6552B1F70070055E9BC /* Signup */ = {
			isa = PBXGroup;
			children = (
				EE31F6562B1F736A0055E9BC /* SignupView.swift */,
				EE31F6572B1F736A0055E9BC /* SignupViewModel.swift */,
			);
			path = Signup;
			sourceTree = "<group>";
		};
		EE31F65C2B1F88C70055E9BC /* Login */ = {
			isa = PBXGroup;
			children = (
				EE31F65D2B1F88E10055E9BC /* LoginView.swift */,
				EE31F65E2B1F88E10055E9BC /* LoginViewModel.swift */,
			);
			path = Login;
			sourceTree = "<group>";
		};
		EE9297312B1F2A2A00877512 = {
			isa = PBXGroup;
			children = (
				EE9297642B1F34F500877512 /* swiftgen.yml */,
				EE9297512B1F31B500877512 /* .swiftlint.yml */,
				EE92973C2B1F2A2A00877512 /* Sportify */,
				EE9297542B1F343E00877512 /* Utilities */,
				EE9297552B1F344400877512 /* Resources */,
				EE92973B2B1F2A2A00877512 /* Products */,
			);
			sourceTree = "<group>";
		};
		EE92973B2B1F2A2A00877512 /* Products */ = {
			isa = PBXGroup;
			children = (
				EE92973A2B1F2A2A00877512 /* Sportify.app */,
			);
			name = Products;
			sourceTree = "<group>";
		};
		EE92973C2B1F2A2A00877512 /* Sportify */ = {
			isa = PBXGroup;
			children = (
				EEB535A22B20DBCE00B158D6 /* Router */,
				EE9BF2872B245E9A00A7CBF2 /* Models */,
				EE9297562B1F347200877512 /* Scenes */,
				EE92973D2B1F2A2A00877512 /* AppDelegate.swift */,
				EE92973F2B1F2A2A00877512 /* SceneDelegate.swift */,
				EEB535A02B20C38200B158D6 /* AuthManager.swift */,
				EE9297482B1F2A2C00877512 /* LaunchScreen.storyboard */,
				EE92974B2B1F2A2C00877512 /* Info.plist */,
			);
			path = Sportify;
			sourceTree = "<group>";
		};
		EE9297542B1F343E00877512 /* Utilities */ = {
			isa = PBXGroup;
			children = (
				EE9297862B1F4F1300877512 /* Constants */,
				EE9BF2962B24A09600A7CBF2 /* Reusable Views */,
				EE9297812B1F478000877512 /* Custom Views */,
			);
			path = Utilities;
			sourceTree = "<group>";
		};
		EE9297552B1F344400877512 /* Resources */ = {
			isa = PBXGroup;
			children = (
				EE92976F2B1F375A00877512 /* Fonts */,
				EE9297572B1F348B00877512 /* Assets */,
				EE92975B2B1F34B400877512 /* Generated */,
				EE92975C2B1F34C000877512 /* Localization */,
			);
			path = Resources;
			sourceTree = "<group>";
		};
		EE9297562B1F347200877512 /* Scenes */ = {
			isa = PBXGroup;
			children = (
				EE9297692B1F360800877512 /* Onboarding */,
				EE94EE1C2B2330A8005F4628 /* TabBar */,
				EE2D7D8B2B2360C200962C1A /* Notification */,
				EE92F35A2B29D57E002DC81F /* News Details */,
			);
			path = Scenes;
			sourceTree = "<group>";
		};
		EE9297572B1F348B00877512 /* Assets */ = {
			isa = PBXGroup;
			children = (
				EE9297462B1F2A2C00877512 /* Assets.xcassets */,
				EE9297592B1F349C00877512 /* Colors.xcassets */,
			);
			path = Assets;
			sourceTree = "<group>";
		};
		EE92975B2B1F34B400877512 /* Generated */ = {
			isa = PBXGroup;
			children = (
				EE9297672B1F358A00877512 /* Strings+Generated.swift */,
			);
			path = Generated;
			sourceTree = "<group>";
		};
		EE92975C2B1F34C000877512 /* Localization */ = {
			isa = PBXGroup;
			children = (
				EE9297622B1F34E500877512 /* Localizable.strings */,
			);
			path = Localization;
			sourceTree = "<group>";
		};
		EE9297692B1F360800877512 /* Onboarding */ = {
			isa = PBXGroup;
			children = (
				EE31F65A2B1F82610055E9BC /* OnboardingView.swift */,
				EE92976A2B1F362F00877512 /* Splash */,
				EE31F65C2B1F88C70055E9BC /* Login */,
				EE31F6552B1F70070055E9BC /* Signup */,
			);
			path = Onboarding;
			sourceTree = "<group>";
		};
		EE92976A2B1F362F00877512 /* Splash */ = {
			isa = PBXGroup;
			children = (
				EE92976B2B1F365300877512 /* SplashView.swift */,
			);
			path = Splash;
			sourceTree = "<group>";
		};
		EE92976F2B1F375A00877512 /* Fonts */ = {
			isa = PBXGroup;
			children = (
				EE92977F2B1F416700877512 /* RobotoCondensed.ttf */,
				EE9297722B1F378800877512 /* UIFont+Style.swift */,
			);
			path = Fonts;
			sourceTree = "<group>";
		};
		EE9297812B1F478000877512 /* Custom Views */ = {
			isa = PBXGroup;
			children = (
				EE9297822B1F481500877512 /* SPContainerView.swift */,
				EE9297842B1F4A9400877512 /* SPLogo.swift */,
				EE9297892B1F5F2000877512 /* SPShape.swift */,
				EE92978B2B1F5F3900877512 /* SPButton.swift */,
				EEB535972B2052D800B158D6 /* SPTextField.swift */,
				EE2D7D892B23609200962C1A /* NotificationButton.swift */,
				EE9BF2922B2495F200A7CBF2 /* Rhombus.swift */,
				EE9BF2942B249D8E00A7CBF2 /* SPPaginationView.swift */,
				EE9BF2992B24AAC700A7CBF2 /* SPSectionHeader.swift */,
				EE92F35F2B29DE3D002DC81F /* SPNavigationController.swift */,
				EE545A8B2B2B2E7500304815 /* CategoryPicker.swift */,
				EEA49AD52B2C727F0044CF05 /* MatchTypePicker.swift */,
				EEA49AE32B2C96410044CF05 /* MatchShape.swift */,
			);
			path = "Custom Views";
			sourceTree = "<group>";
		};
		EE9297862B1F4F1300877512 /* Constants */ = {
			isa = PBXGroup;
			children = (
				EE9297872B1F4F2000877512 /* Spacing.swift */,
			);
			path = Constants;
			sourceTree = "<group>";
		};
		EE92F3592B29D52E002DC81F /* Tabs */ = {
			isa = PBXGroup;
			children = (
				EE94EE232B2338CE005F4628 /* Home */,
				EE94EE242B2338D7005F4628 /* News */,
				EE94EE252B2338DC005F4628 /* Highlights */,
				EE94EE262B2338E2005F4628 /* Profile */,
			);
			path = Tabs;
			sourceTree = "<group>";
		};
		EE92F35A2B29D57E002DC81F /* News Details */ = {
			isa = PBXGroup;
			children = (
				EE92F35B2B29D5AD002DC81F /* NewsDetailsView.swift */,
				EE92F35C2B29D5AD002DC81F /* NewsDetailsViewModel.swift */,
			);
			path = "News Details";
			sourceTree = "<group>";
		};
		EE94EE1C2B2330A8005F4628 /* TabBar */ = {
			isa = PBXGroup;
			children = (
				EE94EE212B233622005F4628 /* TabBarModel.swift */,
				EE94EE372B233BE2005F4628 /* BarView.swift */,
				EE94EE1D2B2330C8005F4628 /* TabBarView.swift */,
				EE94EE1E2B2330C8005F4628 /* TabBarViewModel.swift */,
				EE92F3592B29D52E002DC81F /* Tabs */,
			);
			path = TabBar;
			sourceTree = "<group>";
		};
		EE94EE232B2338CE005F4628 /* Home */ = {
			isa = PBXGroup;
			children = (
				EE94EE272B233920005F4628 /* HomeView.swift */,
				EE94EE282B233920005F4628 /* HomeViewModel.swift */,
			);
			path = Home;
			sourceTree = "<group>";
		};
		EE94EE242B2338D7005F4628 /* News */ = {
			isa = PBXGroup;
			children = (
				EEA49ADE2B2C81770044CF05 /* Views */,
				EE94EE2B2B233928005F4628 /* NewsView.swift */,
				EE94EE2C2B233928005F4628 /* NewsViewModel.swift */,
			);
			path = News;
			sourceTree = "<group>";
		};
		EE94EE252B2338DC005F4628 /* Highlights */ = {
			isa = PBXGroup;
			children = (
				EE94EE2F2B23392F005F4628 /* HighlightsView.swift */,
				EE94EE302B23392F005F4628 /* HighlightsViewModel.swift */,
			);
			path = Highlights;
			sourceTree = "<group>";
		};
		EE94EE262B2338E2005F4628 /* Profile */ = {
			isa = PBXGroup;
			children = (
				EE94EE332B233935005F4628 /* ProfileView.swift */,
				EE94EE342B233935005F4628 /* ProfileViewModel.swift */,
			);
			path = Profile;
			sourceTree = "<group>";
		};
		EE9BF2872B245E9A00A7CBF2 /* Models */ = {
			isa = PBXGroup;
			children = (
				EEA49AE52B2CA1E60044CF05 /* Basketball */,
				EEA49AD72B2C7BF80044CF05 /* Football */,
				EE9BF2882B245EAF00A7CBF2 /* SPCategory.swift */,
				EE9BF2902B24839D00A7CBF2 /* SPNews.swift */,
				EE9BF29B2B24BD4B00A7CBF2 /* SPMatch.swift */,
				EE9BF29D2B24BD9800A7CBF2 /* SPTeam.swift */,
				EE92F3532B29A9E1002DC81F /* SPLeague.swift */,
				EE92F3572B29C36A002DC81F /* SPFeaturedMatch.swift */,
			);
			path = Models;
			sourceTree = "<group>";
		};
		EE9BF2962B24A09600A7CBF2 /* Reusable Views */ = {
			isa = PBXGroup;
			children = (
				EE9BF28B2B2468D100A7CBF2 /* CategoriesSection.swift */,
				EE9BF28D2B246DB200A7CBF2 /* NewsSection.swift */,
				EE9BF2972B24AAA900A7CBF2 /* FIFASection.swift */,
				EE92F3512B29A5E7002DC81F /* LeaguesSection.swift */,
				EE92F3552B29AEA5002DC81F /* FeaturedMatchesSection.swift */,
				EE77ED0E2B2DAE56002267C6 /* LiveSection.swift */,
				EE82D7EB2B2DB7940056FE7F /* MatchHiglightsSection.swift */,
			);
			path = "Reusable Views";
			sourceTree = "<group>";
		};
		EEA49AD72B2C7BF80044CF05 /* Football */ = {
			isa = PBXGroup;
			children = (
				EEA49AD82B2C7C070044CF05 /* FootballMatch.swift */,
				EEA49ADA2B2C7C460044CF05 /* FootballTeam.swift */,
				EEA49ADC2B2C7CF80044CF05 /* FootballLeague.swift */,
			);
			path = Football;
			sourceTree = "<group>";
		};
		EEA49ADE2B2C81770044CF05 /* Views */ = {
			isa = PBXGroup;
			children = (
				EEA49ADF2B2C81890044CF05 /* UpcomingFootballMatchesSection.swift */,
				EEA49AE12B2C846D0044CF05 /* PastFootballMatchesSection.swift */,
				EEA49AEC2B2CA4600044CF05 /* UpcomingBasketballMatchesSection.swift */,
				EEA49AEE2B2CB7B60044CF05 /* UpcomingCricketMatchesSection.swift */,
			);
			path = Views;
			sourceTree = "<group>";
		};
		EEA49AE52B2CA1E60044CF05 /* Basketball */ = {
			isa = PBXGroup;
			children = (
				EEA49AE62B2CA1FE0044CF05 /* BasketballMatch.swift */,
				EEA49AE82B2CA2130044CF05 /* BasketballTeam.swift */,
				EEA49AEA2B2CA2330044CF05 /* BasketballLeague.swift */,
			);
			path = Basketball;
			sourceTree = "<group>";
		};
		EEB535A22B20DBCE00B158D6 /* Router */ = {
			isa = PBXGroup;
			children = (
				EEB5359E2B20C32800B158D6 /* Router.swift */,
				EEB535992B20AEE200B158D6 /* AppRouter.swift */,
				EEB5359B2B20C2F900B158D6 /* ModalRouter.swift */,
				EEB535A52B20DFE900B158D6 /* NavigationRouter.swift */,
				EE3318F82B21FFCB004CE24F /* Coordinator.swift */,
			);
			path = Router;
			sourceTree = "<group>";
		};
/* End PBXGroup section */

/* Begin PBXNativeTarget section */
		EE9297392B1F2A2A00877512 /* Sportify */ = {
			isa = PBXNativeTarget;
			buildConfigurationList = EE92974E2B1F2A2C00877512 /* Build configuration list for PBXNativeTarget "Sportify" */;
			buildPhases = (
				EE9297532B1F31D300877512 /* swiftlint */,
				EE9297662B1F351300877512 /* swiftgen */,
				EE9297362B1F2A2A00877512 /* Sources */,
				EE9297372B1F2A2A00877512 /* Frameworks */,
				EE9297382B1F2A2A00877512 /* Resources */,
			);
			buildRules = (
			);
			dependencies = (
			);
			name = Sportify;
			packageProductDependencies = (
				EE9297912B1F63F400877512 /* Extensions */,
			);
			productName = Sportify;
			productReference = EE92973A2B1F2A2A00877512 /* Sportify.app */;
			productType = "com.apple.product-type.application";
		};
/* End PBXNativeTarget section */

/* Begin PBXProject section */
		EE9297322B1F2A2A00877512 /* Project object */ = {
			isa = PBXProject;
			attributes = {
				BuildIndependentTargetsInParallel = 1;
				LastSwiftUpdateCheck = 1500;
				LastUpgradeCheck = 1500;
				TargetAttributes = {
					EE9297392B1F2A2A00877512 = {
						CreatedOnToolsVersion = 15.0;
					};
				};
			};
			buildConfigurationList = EE9297352B1F2A2A00877512 /* Build configuration list for PBXProject "Sportify" */;
			compatibilityVersion = "Xcode 14.0";
			developmentRegion = en;
			hasScannedForEncodings = 0;
			knownRegions = (
				en,
				Base,
				ar,
			);
			mainGroup = EE9297312B1F2A2A00877512;
			packageReferences = (
				EE9297902B1F63F300877512 /* XCLocalSwiftPackageReference "Packages/Extensions" */,
			);
			productRefGroup = EE92973B2B1F2A2A00877512 /* Products */;
			projectDirPath = "";
			projectRoot = "";
			targets = (
				EE9297392B1F2A2A00877512 /* Sportify */,
			);
		};
/* End PBXProject section */

/* Begin PBXResourcesBuildPhase section */
		EE9297382B1F2A2A00877512 /* Resources */ = {
			isa = PBXResourcesBuildPhase;
			buildActionMask = 2147483647;
			files = (
				EE9297602B1F34E500877512 /* Localizable.strings in Resources */,
				EE9297802B1F416700877512 /* RobotoCondensed.ttf in Resources */,
				EE9297522B1F31B500877512 /* .swiftlint.yml in Resources */,
				EE92975A2B1F349C00877512 /* Colors.xcassets in Resources */,
				EE92974A2B1F2A2C00877512 /* LaunchScreen.storyboard in Resources */,
				EE9297472B1F2A2C00877512 /* Assets.xcassets in Resources */,
				EE9297652B1F34F500877512 /* swiftgen.yml in Resources */,
			);
			runOnlyForDeploymentPostprocessing = 0;
		};
/* End PBXResourcesBuildPhase section */

/* Begin PBXShellScriptBuildPhase section */
		EE9297532B1F31D300877512 /* swiftlint */ = {
			isa = PBXShellScriptBuildPhase;
			alwaysOutOfDate = 1;
			buildActionMask = 2147483647;
			files = (
			);
			inputFileListPaths = (
			);
			inputPaths = (
			);
			name = swiftlint;
			outputFileListPaths = (
			);
			outputPaths = (
			);
			runOnlyForDeploymentPostprocessing = 0;
			shellPath = /bin/sh;
			shellScript = "export PATH=\"$PATH:/opt/homebrew/bin\"\nif which swiftlint >/dev/null; then\n  swiftlint\nelse\n  echo \"warning: SwiftLint not installed, download from https://github.com/realm/SwiftLint\"\nfi \n";
		};
		EE9297662B1F351300877512 /* swiftgen */ = {
			isa = PBXShellScriptBuildPhase;
			alwaysOutOfDate = 1;
			buildActionMask = 2147483647;
			files = (
			);
			inputFileListPaths = (
			);
			inputPaths = (
			);
			name = swiftgen;
			outputFileListPaths = (
			);
			outputPaths = (
			);
			runOnlyForDeploymentPostprocessing = 0;
			shellPath = /bin/sh;
			shellScript = "# Type a script or drag a script file from your workspace to insert its path.\nexport PATH=\"$PATH:/opt/homebrew/bin\"\nif which swiftgen >/dev/null; then\n  swiftgen\nelse\n  echo \"warning: get not installed, download from https://github.com/realm/SwiftLint\"\nfi \n";
		};
/* End PBXShellScriptBuildPhase section */

/* Begin PBXSourcesBuildPhase section */
		EE9297362B1F2A2A00877512 /* Sources */ = {
			isa = PBXSourcesBuildPhase;
			buildActionMask = 2147483647;
			files = (
				EE92978C2B1F5F3900877512 /* SPButton.swift in Sources */,
				EEB5359C2B20C2F900B158D6 /* ModalRouter.swift in Sources */,
				EE3318F92B21FFCB004CE24F /* Coordinator.swift in Sources */,
				EE92973E2B1F2A2A00877512 /* AppDelegate.swift in Sources */,
				EE92978A2B1F5F2000877512 /* SPShape.swift in Sources */,
				EEA49ADD2B2C7CF80044CF05 /* FootballLeague.swift in Sources */,
				EEA49AED2B2CA4600044CF05 /* UpcomingBasketballMatchesSection.swift in Sources */,
				EE9297882B1F4F2000877512 /* Spacing.swift in Sources */,
				EE9BF29E2B24BD9800A7CBF2 /* SPTeam.swift in Sources */,
				EE9297682B1F358A00877512 /* Strings+Generated.swift in Sources */,
				EE94EE312B23392F005F4628 /* HighlightsView.swift in Sources */,
				EE9BF2952B249D8E00A7CBF2 /* SPPaginationView.swift in Sources */,
				EE92F3522B29A5E7002DC81F /* LeaguesSection.swift in Sources */,
				EEB5359F2B20C32800B158D6 /* Router.swift in Sources */,
				EEA49AEF2B2CB7B60044CF05 /* UpcomingCricketMatchesSection.swift in Sources */,
				EE92F3602B29DE3D002DC81F /* SPNavigationController.swift in Sources */,
				EE9297852B1F4A9400877512 /* SPLogo.swift in Sources */,
				EE94EE2E2B233928005F4628 /* NewsViewModel.swift in Sources */,
				EE82D7EC2B2DB7940056FE7F /* MatchHiglightsSection.swift in Sources */,
				EEB535A62B20DFE900B158D6 /* NavigationRouter.swift in Sources */,
				EE94EE322B23392F005F4628 /* HighlightsViewModel.swift in Sources */,
				EE94EE2A2B233920005F4628 /* HomeViewModel.swift in Sources */,
				EE31F6592B1F736A0055E9BC /* SignupViewModel.swift in Sources */,
				EEA49AE22B2C846D0044CF05 /* PastFootballMatchesSection.swift in Sources */,
				EEB535A12B20C38200B158D6 /* AuthManager.swift in Sources */,
				EE9297732B1F378800877512 /* UIFont+Style.swift in Sources */,
				EE77ED0F2B2DAE56002267C6 /* LiveSection.swift in Sources */,
				EEB535982B2052D800B158D6 /* SPTextField.swift in Sources */,
				EE9BF2932B2495F200A7CBF2 /* Rhombus.swift in Sources */,
				EE94EE382B233BE2005F4628 /* BarView.swift in Sources */,
				EE94EE362B233935005F4628 /* ProfileViewModel.swift in Sources */,
				EE31F6602B1F88E10055E9BC /* LoginViewModel.swift in Sources */,
				EE94EE292B233920005F4628 /* HomeView.swift in Sources */,
				EE9BF29C2B24BD4B00A7CBF2 /* SPMatch.swift in Sources */,
				EE94EE2D2B233928005F4628 /* NewsView.swift in Sources */,
				EEA49AD92B2C7C070044CF05 /* FootballMatch.swift in Sources */,
				EE31F65F2B1F88E10055E9BC /* LoginView.swift in Sources */,
				EE94EE202B2330C8005F4628 /* TabBarViewModel.swift in Sources */,
				EE9BF2982B24AAA900A7CBF2 /* FIFASection.swift in Sources */,
				EE92976D2B1F365300877512 /* SplashView.swift in Sources */,
				EE94EE352B233935005F4628 /* ProfileView.swift in Sources */,
				EE2D7D8F2B2360DD00962C1A /* NotificationsViewModel.swift in Sources */,
				EE9297402B1F2A2A00877512 /* SceneDelegate.swift in Sources */,
				EEA49AE02B2C81890044CF05 /* UpcomingFootballMatchesSection.swift in Sources */,
				EE92F35E2B29D5AD002DC81F /* NewsDetailsViewModel.swift in Sources */,
				EE9BF29A2B24AAC700A7CBF2 /* SPSectionHeader.swift in Sources */,
				EE92F3542B29A9E1002DC81F /* SPLeague.swift in Sources */,
				EEA49AEB2B2CA2330044CF05 /* BasketballLeague.swift in Sources */,
				EEA49AE92B2CA2130044CF05 /* BasketballTeam.swift in Sources */,
				EE94EE222B233622005F4628 /* TabBarModel.swift in Sources */,
				EE31F6582B1F736A0055E9BC /* SignupView.swift in Sources */,
				EE94EE1F2B2330C8005F4628 /* TabBarView.swift in Sources */,
				EE9BF28C2B2468D100A7CBF2 /* CategoriesSection.swift in Sources */,
				EEA49AE42B2C96410044CF05 /* MatchShape.swift in Sources */,
				EE31F65B2B1F82610055E9BC /* OnboardingView.swift in Sources */,
				EEA49ADB2B2C7C460044CF05 /* FootballTeam.swift in Sources */,
				EE2D7D8A2B23609200962C1A /* NotificationButton.swift in Sources */,
				EE92F3582B29C36A002DC81F /* SPFeaturedMatch.swift in Sources */,
				EE9BF2912B24839D00A7CBF2 /* SPNews.swift in Sources */,
				EE9BF28E2B246DB200A7CBF2 /* NewsSection.swift in Sources */,
				EEB5359A2B20AEE200B158D6 /* AppRouter.swift in Sources */,
				EE9297832B1F481500877512 /* SPContainerView.swift in Sources */,
				EE92F3562B29AEA5002DC81F /* FeaturedMatchesSection.swift in Sources */,
				EE9BF2892B245EAF00A7CBF2 /* SPCategory.swift in Sources */,
				EE545A8C2B2B2E7500304815 /* CategoryPicker.swift in Sources */,
				EEA49AE72B2CA1FE0044CF05 /* BasketballMatch.swift in Sources */,
				EEA49AD62B2C727F0044CF05 /* MatchTypePicker.swift in Sources */,
				EE92F35D2B29D5AD002DC81F /* NewsDetailsView.swift in Sources */,
				EE2D7D8E2B2360DD00962C1A /* NotificationsView.swift in Sources */,
			);
			runOnlyForDeploymentPostprocessing = 0;
		};
/* End PBXSourcesBuildPhase section */

/* Begin PBXVariantGroup section */
		EE9297482B1F2A2C00877512 /* LaunchScreen.storyboard */ = {
			isa = PBXVariantGroup;
			children = (
				EE9297492B1F2A2C00877512 /* Base */,
				EE92975F2B1F34DE00877512 /* ar */,
			);
			name = LaunchScreen.storyboard;
			sourceTree = "<group>";
		};
		EE9297622B1F34E500877512 /* Localizable.strings */ = {
			isa = PBXVariantGroup;
			children = (
				EE9297612B1F34E500877512 /* en */,
				EE9297632B1F34E600877512 /* ar */,
			);
			name = Localizable.strings;
			sourceTree = "<group>";
		};
/* End PBXVariantGroup section */

/* Begin XCBuildConfiguration section */
		EE92974C2B1F2A2C00877512 /* Debug */ = {
			isa = XCBuildConfiguration;
			buildSettings = {
				ALWAYS_SEARCH_USER_PATHS = NO;
				ASSETCATALOG_COMPILER_GENERATE_SWIFT_ASSET_SYMBOL_EXTENSIONS = YES;
				CLANG_ANALYZER_LOCALIZABILITY_NONLOCALIZED = YES;
				CLANG_ANALYZER_NONNULL = YES;
				CLANG_ANALYZER_NUMBER_OBJECT_CONVERSION = YES_AGGRESSIVE;
				CLANG_CXX_LANGUAGE_STANDARD = "gnu++20";
				CLANG_ENABLE_MODULES = YES;
				CLANG_ENABLE_OBJC_ARC = YES;
				CLANG_ENABLE_OBJC_WEAK = YES;
				CLANG_WARN_BLOCK_CAPTURE_AUTORELEASING = YES;
				CLANG_WARN_BOOL_CONVERSION = YES;
				CLANG_WARN_COMMA = YES;
				CLANG_WARN_CONSTANT_CONVERSION = YES;
				CLANG_WARN_DEPRECATED_OBJC_IMPLEMENTATIONS = YES;
				CLANG_WARN_DIRECT_OBJC_ISA_USAGE = YES_ERROR;
				CLANG_WARN_DOCUMENTATION_COMMENTS = YES;
				CLANG_WARN_EMPTY_BODY = YES;
				CLANG_WARN_ENUM_CONVERSION = YES;
				CLANG_WARN_INFINITE_RECURSION = YES;
				CLANG_WARN_INT_CONVERSION = YES;
				CLANG_WARN_NON_LITERAL_NULL_CONVERSION = YES;
				CLANG_WARN_OBJC_IMPLICIT_RETAIN_SELF = YES;
				CLANG_WARN_OBJC_LITERAL_CONVERSION = YES;
				CLANG_WARN_OBJC_ROOT_CLASS = YES_ERROR;
				CLANG_WARN_QUOTED_INCLUDE_IN_FRAMEWORK_HEADER = YES;
				CLANG_WARN_RANGE_LOOP_ANALYSIS = YES;
				CLANG_WARN_STRICT_PROTOTYPES = YES;
				CLANG_WARN_SUSPICIOUS_MOVE = YES;
				CLANG_WARN_UNGUARDED_AVAILABILITY = YES_AGGRESSIVE;
				CLANG_WARN_UNREACHABLE_CODE = YES;
				CLANG_WARN__DUPLICATE_METHOD_MATCH = YES;
				COPY_PHASE_STRIP = NO;
				DEBUG_INFORMATION_FORMAT = dwarf;
				ENABLE_STRICT_OBJC_MSGSEND = YES;
				ENABLE_TESTABILITY = YES;
				ENABLE_USER_SCRIPT_SANDBOXING = NO;
				GCC_C_LANGUAGE_STANDARD = gnu17;
				GCC_DYNAMIC_NO_PIC = NO;
				GCC_NO_COMMON_BLOCKS = YES;
				GCC_OPTIMIZATION_LEVEL = 0;
				GCC_PREPROCESSOR_DEFINITIONS = (
					"DEBUG=1",
					"$(inherited)",
				);
				GCC_WARN_64_TO_32_BIT_CONVERSION = YES;
				GCC_WARN_ABOUT_RETURN_TYPE = YES_ERROR;
				GCC_WARN_UNDECLARED_SELECTOR = YES;
				GCC_WARN_UNINITIALIZED_AUTOS = YES_AGGRESSIVE;
				GCC_WARN_UNUSED_FUNCTION = YES;
				GCC_WARN_UNUSED_VARIABLE = YES;
				IPHONEOS_DEPLOYMENT_TARGET = 17.0;
				LOCALIZATION_PREFERS_STRING_CATALOGS = YES;
				MTL_ENABLE_DEBUG_INFO = INCLUDE_SOURCE;
				MTL_FAST_MATH = YES;
				ONLY_ACTIVE_ARCH = YES;
				SDKROOT = iphoneos;
				SWIFT_ACTIVE_COMPILATION_CONDITIONS = "DEBUG $(inherited)";
				SWIFT_OPTIMIZATION_LEVEL = "-Onone";
			};
			name = Debug;
		};
		EE92974D2B1F2A2C00877512 /* Release */ = {
			isa = XCBuildConfiguration;
			buildSettings = {
				ALWAYS_SEARCH_USER_PATHS = NO;
				ASSETCATALOG_COMPILER_GENERATE_SWIFT_ASSET_SYMBOL_EXTENSIONS = YES;
				CLANG_ANALYZER_LOCALIZABILITY_NONLOCALIZED = YES;
				CLANG_ANALYZER_NONNULL = YES;
				CLANG_ANALYZER_NUMBER_OBJECT_CONVERSION = YES_AGGRESSIVE;
				CLANG_CXX_LANGUAGE_STANDARD = "gnu++20";
				CLANG_ENABLE_MODULES = YES;
				CLANG_ENABLE_OBJC_ARC = YES;
				CLANG_ENABLE_OBJC_WEAK = YES;
				CLANG_WARN_BLOCK_CAPTURE_AUTORELEASING = YES;
				CLANG_WARN_BOOL_CONVERSION = YES;
				CLANG_WARN_COMMA = YES;
				CLANG_WARN_CONSTANT_CONVERSION = YES;
				CLANG_WARN_DEPRECATED_OBJC_IMPLEMENTATIONS = YES;
				CLANG_WARN_DIRECT_OBJC_ISA_USAGE = YES_ERROR;
				CLANG_WARN_DOCUMENTATION_COMMENTS = YES;
				CLANG_WARN_EMPTY_BODY = YES;
				CLANG_WARN_ENUM_CONVERSION = YES;
				CLANG_WARN_INFINITE_RECURSION = YES;
				CLANG_WARN_INT_CONVERSION = YES;
				CLANG_WARN_NON_LITERAL_NULL_CONVERSION = YES;
				CLANG_WARN_OBJC_IMPLICIT_RETAIN_SELF = YES;
				CLANG_WARN_OBJC_LITERAL_CONVERSION = YES;
				CLANG_WARN_OBJC_ROOT_CLASS = YES_ERROR;
				CLANG_WARN_QUOTED_INCLUDE_IN_FRAMEWORK_HEADER = YES;
				CLANG_WARN_RANGE_LOOP_ANALYSIS = YES;
				CLANG_WARN_STRICT_PROTOTYPES = YES;
				CLANG_WARN_SUSPICIOUS_MOVE = YES;
				CLANG_WARN_UNGUARDED_AVAILABILITY = YES_AGGRESSIVE;
				CLANG_WARN_UNREACHABLE_CODE = YES;
				CLANG_WARN__DUPLICATE_METHOD_MATCH = YES;
				COPY_PHASE_STRIP = NO;
				DEBUG_INFORMATION_FORMAT = "dwarf-with-dsym";
				ENABLE_NS_ASSERTIONS = NO;
				ENABLE_STRICT_OBJC_MSGSEND = YES;
				ENABLE_USER_SCRIPT_SANDBOXING = NO;
				GCC_C_LANGUAGE_STANDARD = gnu17;
				GCC_NO_COMMON_BLOCKS = YES;
				GCC_WARN_64_TO_32_BIT_CONVERSION = YES;
				GCC_WARN_ABOUT_RETURN_TYPE = YES_ERROR;
				GCC_WARN_UNDECLARED_SELECTOR = YES;
				GCC_WARN_UNINITIALIZED_AUTOS = YES_AGGRESSIVE;
				GCC_WARN_UNUSED_FUNCTION = YES;
				GCC_WARN_UNUSED_VARIABLE = YES;
				IPHONEOS_DEPLOYMENT_TARGET = 17.0;
				LOCALIZATION_PREFERS_STRING_CATALOGS = YES;
				MTL_ENABLE_DEBUG_INFO = NO;
				MTL_FAST_MATH = YES;
				SDKROOT = iphoneos;
				SWIFT_COMPILATION_MODE = wholemodule;
				VALIDATE_PRODUCT = YES;
			};
			name = Release;
		};
		EE92974F2B1F2A2C00877512 /* Debug */ = {
			isa = XCBuildConfiguration;
			buildSettings = {
				ASSETCATALOG_COMPILER_APPICON_NAME = AppIcon;
				ASSETCATALOG_COMPILER_GLOBAL_ACCENT_COLOR_NAME = AccentColor;
				CODE_SIGN_STYLE = Automatic;
				CURRENT_PROJECT_VERSION = 1;
				DEVELOPMENT_TEAM = 4U8DMJ33ZN;
				GENERATE_INFOPLIST_FILE = YES;
				INFOPLIST_FILE = Sportify/Info.plist;
				INFOPLIST_KEY_UIApplicationSupportsIndirectInputEvents = YES;
				INFOPLIST_KEY_UILaunchStoryboardName = LaunchScreen;
				INFOPLIST_KEY_UISupportedInterfaceOrientations_iPad = "UIInterfaceOrientationPortrait UIInterfaceOrientationPortraitUpsideDown UIInterfaceOrientationLandscapeLeft UIInterfaceOrientationLandscapeRight";
				INFOPLIST_KEY_UISupportedInterfaceOrientations_iPhone = "UIInterfaceOrientationPortrait UIInterfaceOrientationLandscapeLeft UIInterfaceOrientationLandscapeRight";
				IPHONEOS_DEPLOYMENT_TARGET = 16.0;
				LD_RUNPATH_SEARCH_PATHS = (
					"$(inherited)",
					"@executable_path/Frameworks",
				);
				MARKETING_VERSION = 1.0;
				PRODUCT_BUNDLE_IDENTIFIER = com.yamany.Sportify;
				PRODUCT_NAME = "$(TARGET_NAME)";
				SWIFT_EMIT_LOC_STRINGS = YES;
				SWIFT_VERSION = 5.0;
				TARGETED_DEVICE_FAMILY = "1,2";
			};
			name = Debug;
		};
		EE9297502B1F2A2C00877512 /* Release */ = {
			isa = XCBuildConfiguration;
			buildSettings = {
				ASSETCATALOG_COMPILER_APPICON_NAME = AppIcon;
				ASSETCATALOG_COMPILER_GLOBAL_ACCENT_COLOR_NAME = AccentColor;
				CODE_SIGN_STYLE = Automatic;
				CURRENT_PROJECT_VERSION = 1;
				DEVELOPMENT_TEAM = 4U8DMJ33ZN;
				GENERATE_INFOPLIST_FILE = YES;
				INFOPLIST_FILE = Sportify/Info.plist;
				INFOPLIST_KEY_UIApplicationSupportsIndirectInputEvents = YES;
				INFOPLIST_KEY_UILaunchStoryboardName = LaunchScreen;
				INFOPLIST_KEY_UISupportedInterfaceOrientations_iPad = "UIInterfaceOrientationPortrait UIInterfaceOrientationPortraitUpsideDown UIInterfaceOrientationLandscapeLeft UIInterfaceOrientationLandscapeRight";
				INFOPLIST_KEY_UISupportedInterfaceOrientations_iPhone = "UIInterfaceOrientationPortrait UIInterfaceOrientationLandscapeLeft UIInterfaceOrientationLandscapeRight";
				IPHONEOS_DEPLOYMENT_TARGET = 16.0;
				LD_RUNPATH_SEARCH_PATHS = (
					"$(inherited)",
					"@executable_path/Frameworks",
				);
				MARKETING_VERSION = 1.0;
				PRODUCT_BUNDLE_IDENTIFIER = com.yamany.Sportify;
				PRODUCT_NAME = "$(TARGET_NAME)";
				SWIFT_EMIT_LOC_STRINGS = YES;
				SWIFT_VERSION = 5.0;
				TARGETED_DEVICE_FAMILY = "1,2";
			};
			name = Release;
		};
/* End XCBuildConfiguration section */

/* Begin XCConfigurationList section */
		EE9297352B1F2A2A00877512 /* Build configuration list for PBXProject "Sportify" */ = {
			isa = XCConfigurationList;
			buildConfigurations = (
				EE92974C2B1F2A2C00877512 /* Debug */,
				EE92974D2B1F2A2C00877512 /* Release */,
			);
			defaultConfigurationIsVisible = 0;
			defaultConfigurationName = Release;
		};
		EE92974E2B1F2A2C00877512 /* Build configuration list for PBXNativeTarget "Sportify" */ = {
			isa = XCConfigurationList;
			buildConfigurations = (
				EE92974F2B1F2A2C00877512 /* Debug */,
				EE9297502B1F2A2C00877512 /* Release */,
			);
			defaultConfigurationIsVisible = 0;
			defaultConfigurationName = Release;
		};
/* End XCConfigurationList section */

/* Begin XCLocalSwiftPackageReference section */
		EE9297902B1F63F300877512 /* XCLocalSwiftPackageReference "Packages/Extensions" */ = {
			isa = XCLocalSwiftPackageReference;
			relativePath = Packages/Extensions;
		};
/* End XCLocalSwiftPackageReference section */

/* Begin XCSwiftPackageProductDependency section */
		EE9297912B1F63F400877512 /* Extensions */ = {
			isa = XCSwiftPackageProductDependency;
			productName = Extensions;
		};
/* End XCSwiftPackageProductDependency section */
	};
	rootObject = EE9297322B1F2A2A00877512 /* Project object */;
}
