// !$*UTF8*$!
{
	archiveVersion = 1;
	classes = {
	};
	objectVersion = 60;
	objects = {

/* Begin PBXBuildFile section */
		EE31F6582B1F736A0055E9BC /* SignupView.swift in Sources */ = {isa = PBXBuildFile; fileRef = EE31F6562B1F736A0055E9BC /* SignupView.swift */; };
		EE31F6592B1F736A0055E9BC /* SignupViewModel.swift in Sources */ = {isa = PBXBuildFile; fileRef = EE31F6572B1F736A0055E9BC /* SignupViewModel.swift */; };
		EE31F65B2B1F82610055E9BC /* OnboardingView.swift in Sources */ = {isa = PBXBuildFile; fileRef = EE31F65A2B1F82610055E9BC /* OnboardingView.swift */; };
		EE31F65F2B1F88E10055E9BC /* LoginView.swift in Sources */ = {isa = PBXBuildFile; fileRef = EE31F65D2B1F88E10055E9BC /* LoginView.swift */; };
		EE31F6602B1F88E10055E9BC /* LoginViewModel.swift in Sources */ = {isa = PBXBuildFile; fileRef = EE31F65E2B1F88E10055E9BC /* LoginViewModel.swift */; };
		EE3318F92B21FFCB004CE24F /* Coordinator.swift in Sources */ = {isa = PBXBuildFile; fileRef = EE3318F82B21FFCB004CE24F /* Coordinator.swift */; };
		EE92973E2B1F2A2A00877512 /* AppDelegate.swift in Sources */ = {isa = PBXBuildFile; fileRef = EE92973D2B1F2A2A00877512 /* AppDelegate.swift */; };
		EE9297402B1F2A2A00877512 /* SceneDelegate.swift in Sources */ = {isa = PBXBuildFile; fileRef = EE92973F2B1F2A2A00877512 /* SceneDelegate.swift */; };
		EE9297472B1F2A2C00877512 /* Assets.xcassets in Resources */ = {isa = PBXBuildFile; fileRef = EE9297462B1F2A2C00877512 /* Assets.xcassets */; };
		EE92974A2B1F2A2C00877512 /* LaunchScreen.storyboard in Resources */ = {isa = PBXBuildFile; fileRef = EE9297482B1F2A2C00877512 /* LaunchScreen.storyboard */; };
		EE9297522B1F31B500877512 /* .swiftlint.yml in Resources */ = {isa = PBXBuildFile; fileRef = EE9297512B1F31B500877512 /* .swiftlint.yml */; };
		EE92975A2B1F349C00877512 /* Colors.xcassets in Resources */ = {isa = PBXBuildFile; fileRef = EE9297592B1F349C00877512 /* Colors.xcassets */; };
		EE9297602B1F34E500877512 /* Localizable.strings in Resources */ = {isa = PBXBuildFile; fileRef = EE9297622B1F34E500877512 /* Localizable.strings */; };
		EE9297652B1F34F500877512 /* swiftgen.yml in Resources */ = {isa = PBXBuildFile; fileRef = EE9297642B1F34F500877512 /* swiftgen.yml */; };
		EE9297682B1F358A00877512 /* Strings+Generated.swift in Sources */ = {isa = PBXBuildFile; fileRef = EE9297672B1F358A00877512 /* Strings+Generated.swift */; };
		EE92976D2B1F365300877512 /* SplashView.swift in Sources */ = {isa = PBXBuildFile; fileRef = EE92976B2B1F365300877512 /* SplashView.swift */; };
		EE9297732B1F378800877512 /* UIFont+Style.swift in Sources */ = {isa = PBXBuildFile; fileRef = EE9297722B1F378800877512 /* UIFont+Style.swift */; };
		EE9297802B1F416700877512 /* RobotoCondensed.ttf in Resources */ = {isa = PBXBuildFile; fileRef = EE92977F2B1F416700877512 /* RobotoCondensed.ttf */; };
		EE9297832B1F481500877512 /* SPContainerView.swift in Sources */ = {isa = PBXBuildFile; fileRef = EE9297822B1F481500877512 /* SPContainerView.swift */; };
		EE9297852B1F4A9400877512 /* SPLogo.swift in Sources */ = {isa = PBXBuildFile; fileRef = EE9297842B1F4A9400877512 /* SPLogo.swift */; };
		EE9297882B1F4F2000877512 /* Spacing.swift in Sources */ = {isa = PBXBuildFile; fileRef = EE9297872B1F4F2000877512 /* Spacing.swift */; };
		EE92978A2B1F5F2000877512 /* SPShape.swift in Sources */ = {isa = PBXBuildFile; fileRef = EE9297892B1F5F2000877512 /* SPShape.swift */; };
		EE92978C2B1F5F3900877512 /* SPButton.swift in Sources */ = {isa = PBXBuildFile; fileRef = EE92978B2B1F5F3900877512 /* SPButton.swift */; };
		EE9297922B1F63F400877512 /* Extensions in Frameworks */ = {isa = PBXBuildFile; productRef = EE9297912B1F63F400877512 /* Extensions */; };
		EEB535982B2052D800B158D6 /* SPTextField.swift in Sources */ = {isa = PBXBuildFile; fileRef = EEB535972B2052D800B158D6 /* SPTextField.swift */; };
		EEB5359A2B20AEE200B158D6 /* AppRouter.swift in Sources */ = {isa = PBXBuildFile; fileRef = EEB535992B20AEE200B158D6 /* AppRouter.swift */; };
		EEB5359C2B20C2F900B158D6 /* ModalRouter.swift in Sources */ = {isa = PBXBuildFile; fileRef = EEB5359B2B20C2F900B158D6 /* ModalRouter.swift */; };
		EEB5359F2B20C32800B158D6 /* Router.swift in Sources */ = {isa = PBXBuildFile; fileRef = EEB5359E2B20C32800B158D6 /* Router.swift */; };
		EEB535A12B20C38200B158D6 /* AuthManager.swift in Sources */ = {isa = PBXBuildFile; fileRef = EEB535A02B20C38200B158D6 /* AuthManager.swift */; };
		EEB535A62B20DFE900B158D6 /* NavigationRouter.swift in Sources */ = {isa = PBXBuildFile; fileRef = EEB535A52B20DFE900B158D6 /* NavigationRouter.swift */; };
/* End PBXBuildFile section */

/* Begin PBXFileReference section */
		EE31F6562B1F736A0055E9BC /* SignupView.swift */ = {isa = PBXFileReference; lastKnownFileType = sourcecode.swift; path = SignupView.swift; sourceTree = "<group>"; };
		EE31F6572B1F736A0055E9BC /* SignupViewModel.swift */ = {isa = PBXFileReference; lastKnownFileType = sourcecode.swift; path = SignupViewModel.swift; sourceTree = "<group>"; };
		EE31F65A2B1F82610055E9BC /* OnboardingView.swift */ = {isa = PBXFileReference; lastKnownFileType = sourcecode.swift; path = OnboardingView.swift; sourceTree = "<group>"; };
		EE31F65D2B1F88E10055E9BC /* LoginView.swift */ = {isa = PBXFileReference; lastKnownFileType = sourcecode.swift; path = LoginView.swift; sourceTree = "<group>"; };
		EE31F65E2B1F88E10055E9BC /* LoginViewModel.swift */ = {isa = PBXFileReference; lastKnownFileType = sourcecode.swift; path = LoginViewModel.swift; sourceTree = "<group>"; };
		EE3318F82B21FFCB004CE24F /* Coordinator.swift */ = {isa = PBXFileReference; lastKnownFileType = sourcecode.swift; path = Coordinator.swift; sourceTree = "<group>"; };
		EE92973A2B1F2A2A00877512 /* Sportify.app */ = {isa = PBXFileReference; explicitFileType = wrapper.application; includeInIndex = 0; path = Sportify.app; sourceTree = BUILT_PRODUCTS_DIR; };
		EE92973D2B1F2A2A00877512 /* AppDelegate.swift */ = {isa = PBXFileReference; lastKnownFileType = sourcecode.swift; path = AppDelegate.swift; sourceTree = "<group>"; };
		EE92973F2B1F2A2A00877512 /* SceneDelegate.swift */ = {isa = PBXFileReference; lastKnownFileType = sourcecode.swift; path = SceneDelegate.swift; sourceTree = "<group>"; };
		EE9297462B1F2A2C00877512 /* Assets.xcassets */ = {isa = PBXFileReference; lastKnownFileType = folder.assetcatalog; path = Assets.xcassets; sourceTree = "<group>"; };
		EE9297492B1F2A2C00877512 /* Base */ = {isa = PBXFileReference; lastKnownFileType = file.storyboard; name = Base; path = Base.lproj/LaunchScreen.storyboard; sourceTree = "<group>"; };
		EE92974B2B1F2A2C00877512 /* Info.plist */ = {isa = PBXFileReference; lastKnownFileType = text.plist.xml; path = Info.plist; sourceTree = "<group>"; };
		EE9297512B1F31B500877512 /* .swiftlint.yml */ = {isa = PBXFileReference; fileEncoding = 4; lastKnownFileType = text.yaml; path = .swiftlint.yml; sourceTree = "<group>"; };
		EE9297592B1F349C00877512 /* Colors.xcassets */ = {isa = PBXFileReference; lastKnownFileType = folder.assetcatalog; path = Colors.xcassets; sourceTree = "<group>"; };
		EE92975F2B1F34DE00877512 /* ar */ = {isa = PBXFileReference; lastKnownFileType = text.plist.strings; name = ar; path = ar.lproj/LaunchScreen.strings; sourceTree = "<group>"; };
		EE9297612B1F34E500877512 /* en */ = {isa = PBXFileReference; lastKnownFileType = text.plist.strings; name = en; path = en.lproj/Localizable.strings; sourceTree = "<group>"; };
		EE9297632B1F34E600877512 /* ar */ = {isa = PBXFileReference; lastKnownFileType = text.plist.strings; name = ar; path = ar.lproj/Localizable.strings; sourceTree = "<group>"; };
		EE9297642B1F34F500877512 /* swiftgen.yml */ = {isa = PBXFileReference; fileEncoding = 4; lastKnownFileType = text.yaml; path = swiftgen.yml; sourceTree = "<group>"; };
		EE9297672B1F358A00877512 /* Strings+Generated.swift */ = {isa = PBXFileReference; fileEncoding = 4; lastKnownFileType = sourcecode.swift; path = "Strings+Generated.swift"; sourceTree = "<group>"; };
		EE92976B2B1F365300877512 /* SplashView.swift */ = {isa = PBXFileReference; lastKnownFileType = sourcecode.swift; path = SplashView.swift; sourceTree = "<group>"; };
		EE9297722B1F378800877512 /* UIFont+Style.swift */ = {isa = PBXFileReference; lastKnownFileType = sourcecode.swift; path = "UIFont+Style.swift"; sourceTree = "<group>"; };
		EE92977F2B1F416700877512 /* RobotoCondensed.ttf */ = {isa = PBXFileReference; lastKnownFileType = file; path = RobotoCondensed.ttf; sourceTree = "<group>"; };
		EE9297822B1F481500877512 /* SPContainerView.swift */ = {isa = PBXFileReference; lastKnownFileType = sourcecode.swift; path = SPContainerView.swift; sourceTree = "<group>"; };
		EE9297842B1F4A9400877512 /* SPLogo.swift */ = {isa = PBXFileReference; lastKnownFileType = sourcecode.swift; path = SPLogo.swift; sourceTree = "<group>"; };
		EE9297872B1F4F2000877512 /* Spacing.swift */ = {isa = PBXFileReference; lastKnownFileType = sourcecode.swift; path = Spacing.swift; sourceTree = "<group>"; };
		EE9297892B1F5F2000877512 /* SPShape.swift */ = {isa = PBXFileReference; lastKnownFileType = sourcecode.swift; path = SPShape.swift; sourceTree = "<group>"; };
		EE92978B2B1F5F3900877512 /* SPButton.swift */ = {isa = PBXFileReference; lastKnownFileType = sourcecode.swift; path = SPButton.swift; sourceTree = "<group>"; };
		EEB535972B2052D800B158D6 /* SPTextField.swift */ = {isa = PBXFileReference; lastKnownFileType = sourcecode.swift; path = SPTextField.swift; sourceTree = "<group>"; };
		EEB535992B20AEE200B158D6 /* AppRouter.swift */ = {isa = PBXFileReference; lastKnownFileType = sourcecode.swift; path = AppRouter.swift; sourceTree = "<group>"; };
		EEB5359B2B20C2F900B158D6 /* ModalRouter.swift */ = {isa = PBXFileReference; lastKnownFileType = sourcecode.swift; path = ModalRouter.swift; sourceTree = "<group>"; };
		EEB5359E2B20C32800B158D6 /* Router.swift */ = {isa = PBXFileReference; lastKnownFileType = sourcecode.swift; path = Router.swift; sourceTree = "<group>"; };
		EEB535A02B20C38200B158D6 /* AuthManager.swift */ = {isa = PBXFileReference; lastKnownFileType = sourcecode.swift; path = AuthManager.swift; sourceTree = "<group>"; };
		EEB535A52B20DFE900B158D6 /* NavigationRouter.swift */ = {isa = PBXFileReference; lastKnownFileType = sourcecode.swift; path = NavigationRouter.swift; sourceTree = "<group>"; };
/* End PBXFileReference section */

/* Begin PBXFrameworksBuildPhase section */
		EE9297372B1F2A2A00877512 /* Frameworks */ = {
			isa = PBXFrameworksBuildPhase;
			buildActionMask = 2147483647;
			files = (
				EE9297922B1F63F400877512 /* Extensions in Frameworks */,
			);
			runOnlyForDeploymentPostprocessing = 0;
		};
/* End PBXFrameworksBuildPhase section */

/* Begin PBXGroup section */
		EE31F6552B1F70070055E9BC /* Signup */ = {
			isa = PBXGroup;
			children = (
				EE31F6562B1F736A0055E9BC /* SignupView.swift */,
				EE31F6572B1F736A0055E9BC /* SignupViewModel.swift */,
			);
			path = Signup;
			sourceTree = "<group>";
		};
		EE31F65C2B1F88C70055E9BC /* Login */ = {
			isa = PBXGroup;
			children = (
				EE31F65D2B1F88E10055E9BC /* LoginView.swift */,
				EE31F65E2B1F88E10055E9BC /* LoginViewModel.swift */,
			);
			path = Login;
			sourceTree = "<group>";
		};
		EE9297312B1F2A2A00877512 = {
			isa = PBXGroup;
			children = (
				EE9297642B1F34F500877512 /* swiftgen.yml */,
				EE9297512B1F31B500877512 /* .swiftlint.yml */,
				EE92973C2B1F2A2A00877512 /* Sportify */,
				EE9297542B1F343E00877512 /* Utilities */,
				EE9297552B1F344400877512 /* Resources */,
				EE92973B2B1F2A2A00877512 /* Products */,
			);
			sourceTree = "<group>";
		};
		EE92973B2B1F2A2A00877512 /* Products */ = {
			isa = PBXGroup;
			children = (
				EE92973A2B1F2A2A00877512 /* Sportify.app */,
			);
			name = Products;
			sourceTree = "<group>";
		};
		EE92973C2B1F2A2A00877512 /* Sportify */ = {
			isa = PBXGroup;
			children = (
				EEB535A22B20DBCE00B158D6 /* Router */,
				EE9297562B1F347200877512 /* Scenes */,
				EE92973D2B1F2A2A00877512 /* AppDelegate.swift */,
				EE92973F2B1F2A2A00877512 /* SceneDelegate.swift */,
				EEB535A02B20C38200B158D6 /* AuthManager.swift */,
				EE9297482B1F2A2C00877512 /* LaunchScreen.storyboard */,
				EE92974B2B1F2A2C00877512 /* Info.plist */,
			);
			path = Sportify;
			sourceTree = "<group>";
		};
		EE9297542B1F343E00877512 /* Utilities */ = {
			isa = PBXGroup;
			children = (
				EE9297862B1F4F1300877512 /* Constants */,
				EE9297812B1F478000877512 /* Custom Views */,
			);
			path = Utilities;
			sourceTree = "<group>";
		};
		EE9297552B1F344400877512 /* Resources */ = {
			isa = PBXGroup;
			children = (
				EE92976F2B1F375A00877512 /* Fonts */,
				EE9297572B1F348B00877512 /* Assets */,
				EE92975B2B1F34B400877512 /* Generated */,
				EE92975C2B1F34C000877512 /* Localization */,
			);
			path = Resources;
			sourceTree = "<group>";
		};
		EE9297562B1F347200877512 /* Scenes */ = {
			isa = PBXGroup;
			children = (
				EE9297692B1F360800877512 /* Onboarding */,
			);
			path = Scenes;
			sourceTree = "<group>";
		};
		EE9297572B1F348B00877512 /* Assets */ = {
			isa = PBXGroup;
			children = (
				EE9297462B1F2A2C00877512 /* Assets.xcassets */,
				EE9297592B1F349C00877512 /* Colors.xcassets */,
			);
			path = Assets;
			sourceTree = "<group>";
		};
		EE92975B2B1F34B400877512 /* Generated */ = {
			isa = PBXGroup;
			children = (
				EE9297672B1F358A00877512 /* Strings+Generated.swift */,
			);
			path = Generated;
			sourceTree = "<group>";
		};
		EE92975C2B1F34C000877512 /* Localization */ = {
			isa = PBXGroup;
			children = (
				EE9297622B1F34E500877512 /* Localizable.strings */,
			);
			path = Localization;
			sourceTree = "<group>";
		};
		EE9297692B1F360800877512 /* Onboarding */ = {
			isa = PBXGroup;
			children = (
				EE31F65A2B1F82610055E9BC /* OnboardingView.swift */,
				EE92976A2B1F362F00877512 /* Splash */,
				EE31F6552B1F70070055E9BC /* Signup */,
				EE31F65C2B1F88C70055E9BC /* Login */,
			);
			path = Onboarding;
			sourceTree = "<group>";
		};
		EE92976A2B1F362F00877512 /* Splash */ = {
			isa = PBXGroup;
			children = (
				EE92976B2B1F365300877512 /* SplashView.swift */,
			);
			path = Splash;
			sourceTree = "<group>";
		};
		EE92976F2B1F375A00877512 /* Fonts */ = {
			isa = PBXGroup;
			children = (
				EE92977F2B1F416700877512 /* RobotoCondensed.ttf */,
				EE9297722B1F378800877512 /* UIFont+Style.swift */,
			);
			path = Fonts;
			sourceTree = "<group>";
		};
		EE9297812B1F478000877512 /* Custom Views */ = {
			isa = PBXGroup;
			children = (
				EE9297822B1F481500877512 /* SPContainerView.swift */,
				EE9297842B1F4A9400877512 /* SPLogo.swift */,
				EE9297892B1F5F2000877512 /* SPShape.swift */,
				EE92978B2B1F5F3900877512 /* SPButton.swift */,
				EEB535972B2052D800B158D6 /* SPTextField.swift */,
			);
			path = "Custom Views";
			sourceTree = "<group>";
		};
		EE9297862B1F4F1300877512 /* Constants */ = {
			isa = PBXGroup;
			children = (
				EE9297872B1F4F2000877512 /* Spacing.swift */,
			);
			path = Constants;
			sourceTree = "<group>";
		};
		EEB535A22B20DBCE00B158D6 /* Router */ = {
			isa = PBXGroup;
			children = (
				EEB5359E2B20C32800B158D6 /* Router.swift */,
				EEB535992B20AEE200B158D6 /* AppRouter.swift */,
				EEB5359B2B20C2F900B158D6 /* ModalRouter.swift */,
				EEB535A52B20DFE900B158D6 /* NavigationRouter.swift */,
				EE3318F82B21FFCB004CE24F /* Coordinator.swift */,
			);
			path = Router;
			sourceTree = "<group>";
		};
/* End PBXGroup section */

/* Begin PBXNativeTarget section */
		EE9297392B1F2A2A00877512 /* Sportify */ = {
			isa = PBXNativeTarget;
			buildConfigurationList = EE92974E2B1F2A2C00877512 /* Build configuration list for PBXNativeTarget "Sportify" */;
			buildPhases = (
				EE9297532B1F31D300877512 /* swiftlint */,
				EE9297662B1F351300877512 /* swiftgen */,
				EE9297362B1F2A2A00877512 /* Sources */,
				EE9297372B1F2A2A00877512 /* Frameworks */,
				EE9297382B1F2A2A00877512 /* Resources */,
			);
			buildRules = (
			);
			dependencies = (
			);
			name = Sportify;
			packageProductDependencies = (
				EE9297912B1F63F400877512 /* Extensions */,
			);
			productName = Sportify;
			productReference = EE92973A2B1F2A2A00877512 /* Sportify.app */;
			productType = "com.apple.product-type.application";
		};
/* End PBXNativeTarget section */

/* Begin PBXProject section */
		EE9297322B1F2A2A00877512 /* Project object */ = {
			isa = PBXProject;
			attributes = {
				BuildIndependentTargetsInParallel = 1;
				LastSwiftUpdateCheck = 1500;
				LastUpgradeCheck = 1500;
				TargetAttributes = {
					EE9297392B1F2A2A00877512 = {
						CreatedOnToolsVersion = 15.0;
					};
				};
			};
			buildConfigurationList = EE9297352B1F2A2A00877512 /* Build configuration list for PBXProject "Sportify" */;
			compatibilityVersion = "Xcode 14.0";
			developmentRegion = en;
			hasScannedForEncodings = 0;
			knownRegions = (
				en,
				Base,
				ar,
			);
			mainGroup = EE9297312B1F2A2A00877512;
			packageReferences = (
				EE9297902B1F63F300877512 /* XCLocalSwiftPackageReference "Packages/Extensions" */,
			);
			productRefGroup = EE92973B2B1F2A2A00877512 /* Products */;
			projectDirPath = "";
			projectRoot = "";
			targets = (
				EE9297392B1F2A2A00877512 /* Sportify */,
			);
		};
/* End PBXProject section */

/* Begin PBXResourcesBuildPhase section */
		EE9297382B1F2A2A00877512 /* Resources */ = {
			isa = PBXResourcesBuildPhase;
			buildActionMask = 2147483647;
			files = (
				EE9297602B1F34E500877512 /* Localizable.strings in Resources */,
				EE9297802B1F416700877512 /* RobotoCondensed.ttf in Resources */,
				EE9297522B1F31B500877512 /* .swiftlint.yml in Resources */,
				EE92975A2B1F349C00877512 /* Colors.xcassets in Resources */,
				EE92974A2B1F2A2C00877512 /* LaunchScreen.storyboard in Resources */,
				EE9297472B1F2A2C00877512 /* Assets.xcassets in Resources */,
				EE9297652B1F34F500877512 /* swiftgen.yml in Resources */,
			);
			runOnlyForDeploymentPostprocessing = 0;
		};
/* End PBXResourcesBuildPhase section */

/* Begin PBXShellScriptBuildPhase section */
		EE9297532B1F31D300877512 /* swiftlint */ = {
			isa = PBXShellScriptBuildPhase;
			alwaysOutOfDate = 1;
			buildActionMask = 2147483647;
			files = (
			);
			inputFileListPaths = (
			);
			inputPaths = (
			);
			name = swiftlint;
			outputFileListPaths = (
			);
			outputPaths = (
			);
			runOnlyForDeploymentPostprocessing = 0;
			shellPath = /bin/sh;
			shellScript = "export PATH=\"$PATH:/opt/homebrew/bin\"\nif which swiftlint >/dev/null; then\n  swiftlint\nelse\n  echo \"warning: SwiftLint not installed, download from https://github.com/realm/SwiftLint\"\nfi \n";
		};
		EE9297662B1F351300877512 /* swiftgen */ = {
			isa = PBXShellScriptBuildPhase;
			alwaysOutOfDate = 1;
			buildActionMask = 2147483647;
			files = (
			);
			inputFileListPaths = (
			);
			inputPaths = (
			);
			name = swiftgen;
			outputFileListPaths = (
			);
			outputPaths = (
			);
			runOnlyForDeploymentPostprocessing = 0;
			shellPath = /bin/sh;
			shellScript = "# Type a script or drag a script file from your workspace to insert its path.\nexport PATH=\"$PATH:/opt/homebrew/bin\"\nif which swiftgen >/dev/null; then\n  swiftgen\nelse\n  echo \"warning: get not installed, download from https://github.com/realm/SwiftLint\"\nfi \n";
		};
/* End PBXShellScriptBuildPhase section */

/* Begin PBXSourcesBuildPhase section */
		EE9297362B1F2A2A00877512 /* Sources */ = {
			isa = PBXSourcesBuildPhase;
			buildActionMask = 2147483647;
			files = (
				EE92978C2B1F5F3900877512 /* SPButton.swift in Sources */,
				EEB5359C2B20C2F900B158D6 /* ModalRouter.swift in Sources */,
				EE3318F92B21FFCB004CE24F /* Coordinator.swift in Sources */,
				EE92973E2B1F2A2A00877512 /* AppDelegate.swift in Sources */,
				EE92978A2B1F5F2000877512 /* SPShape.swift in Sources */,
				EE9297882B1F4F2000877512 /* Spacing.swift in Sources */,
				EE9297682B1F358A00877512 /* Strings+Generated.swift in Sources */,
				EEB5359F2B20C32800B158D6 /* Router.swift in Sources */,
				EE9297852B1F4A9400877512 /* SPLogo.swift in Sources */,
				EEB535A62B20DFE900B158D6 /* NavigationRouter.swift in Sources */,
				EE31F6592B1F736A0055E9BC /* SignupViewModel.swift in Sources */,
				EEB535A12B20C38200B158D6 /* AuthManager.swift in Sources */,
				EE9297732B1F378800877512 /* UIFont+Style.swift in Sources */,
				EEB535982B2052D800B158D6 /* SPTextField.swift in Sources */,
				EE31F6602B1F88E10055E9BC /* LoginViewModel.swift in Sources */,
				EE31F65F2B1F88E10055E9BC /* LoginView.swift in Sources */,
				EE92976D2B1F365300877512 /* SplashView.swift in Sources */,
				EE9297402B1F2A2A00877512 /* SceneDelegate.swift in Sources */,
				EE31F6582B1F736A0055E9BC /* SignupView.swift in Sources */,
				EE31F65B2B1F82610055E9BC /* OnboardingView.swift in Sources */,
				EEB5359A2B20AEE200B158D6 /* AppRouter.swift in Sources */,
				EE9297832B1F481500877512 /* SPContainerView.swift in Sources */,
			);
			runOnlyForDeploymentPostprocessing = 0;
		};
/* End PBXSourcesBuildPhase section */

/* Begin PBXVariantGroup section */
		EE9297482B1F2A2C00877512 /* LaunchScreen.storyboard */ = {
			isa = PBXVariantGroup;
			children = (
				EE9297492B1F2A2C00877512 /* Base */,
				EE92975F2B1F34DE00877512 /* ar */,
			);
			name = LaunchScreen.storyboard;
			sourceTree = "<group>";
		};
		EE9297622B1F34E500877512 /* Localizable.strings */ = {
			isa = PBXVariantGroup;
			children = (
				EE9297612B1F34E500877512 /* en */,
				EE9297632B1F34E600877512 /* ar */,
			);
			name = Localizable.strings;
			sourceTree = "<group>";
		};
/* End PBXVariantGroup section */

/* Begin XCBuildConfiguration section */
		EE92974C2B1F2A2C00877512 /* Debug */ = {
			isa = XCBuildConfiguration;
			buildSettings = {
				ALWAYS_SEARCH_USER_PATHS = NO;
				ASSETCATALOG_COMPILER_GENERATE_SWIFT_ASSET_SYMBOL_EXTENSIONS = YES;
				CLANG_ANALYZER_LOCALIZABILITY_NONLOCALIZED = YES;
				CLANG_ANALYZER_NONNULL = YES;
				CLANG_ANALYZER_NUMBER_OBJECT_CONVERSION = YES_AGGRESSIVE;
				CLANG_CXX_LANGUAGE_STANDARD = "gnu++20";
				CLANG_ENABLE_MODULES = YES;
				CLANG_ENABLE_OBJC_ARC = YES;
				CLANG_ENABLE_OBJC_WEAK = YES;
				CLANG_WARN_BLOCK_CAPTURE_AUTORELEASING = YES;
				CLANG_WARN_BOOL_CONVERSION = YES;
				CLANG_WARN_COMMA = YES;
				CLANG_WARN_CONSTANT_CONVERSION = YES;
				CLANG_WARN_DEPRECATED_OBJC_IMPLEMENTATIONS = YES;
				CLANG_WARN_DIRECT_OBJC_ISA_USAGE = YES_ERROR;
				CLANG_WARN_DOCUMENTATION_COMMENTS = YES;
				CLANG_WARN_EMPTY_BODY = YES;
				CLANG_WARN_ENUM_CONVERSION = YES;
				CLANG_WARN_INFINITE_RECURSION = YES;
				CLANG_WARN_INT_CONVERSION = YES;
				CLANG_WARN_NON_LITERAL_NULL_CONVERSION = YES;
				CLANG_WARN_OBJC_IMPLICIT_RETAIN_SELF = YES;
				CLANG_WARN_OBJC_LITERAL_CONVERSION = YES;
				CLANG_WARN_OBJC_ROOT_CLASS = YES_ERROR;
				CLANG_WARN_QUOTED_INCLUDE_IN_FRAMEWORK_HEADER = YES;
				CLANG_WARN_RANGE_LOOP_ANALYSIS = YES;
				CLANG_WARN_STRICT_PROTOTYPES = YES;
				CLANG_WARN_SUSPICIOUS_MOVE = YES;
				CLANG_WARN_UNGUARDED_AVAILABILITY = YES_AGGRESSIVE;
				CLANG_WARN_UNREACHABLE_CODE = YES;
				CLANG_WARN__DUPLICATE_METHOD_MATCH = YES;
				COPY_PHASE_STRIP = NO;
				DEBUG_INFORMATION_FORMAT = dwarf;
				ENABLE_STRICT_OBJC_MSGSEND = YES;
				ENABLE_TESTABILITY = YES;
				ENABLE_USER_SCRIPT_SANDBOXING = NO;
				GCC_C_LANGUAGE_STANDARD = gnu17;
				GCC_DYNAMIC_NO_PIC = NO;
				GCC_NO_COMMON_BLOCKS = YES;
				GCC_OPTIMIZATION_LEVEL = 0;
				GCC_PREPROCESSOR_DEFINITIONS = (
					"DEBUG=1",
					"$(inherited)",
				);
				GCC_WARN_64_TO_32_BIT_CONVERSION = YES;
				GCC_WARN_ABOUT_RETURN_TYPE = YES_ERROR;
				GCC_WARN_UNDECLARED_SELECTOR = YES;
				GCC_WARN_UNINITIALIZED_AUTOS = YES_AGGRESSIVE;
				GCC_WARN_UNUSED_FUNCTION = YES;
				GCC_WARN_UNUSED_VARIABLE = YES;
				IPHONEOS_DEPLOYMENT_TARGET = 17.0;
				LOCALIZATION_PREFERS_STRING_CATALOGS = YES;
				MTL_ENABLE_DEBUG_INFO = INCLUDE_SOURCE;
				MTL_FAST_MATH = YES;
				ONLY_ACTIVE_ARCH = YES;
				SDKROOT = iphoneos;
				SWIFT_ACTIVE_COMPILATION_CONDITIONS = "DEBUG $(inherited)";
				SWIFT_OPTIMIZATION_LEVEL = "-Onone";
			};
			name = Debug;
		};
		EE92974D2B1F2A2C00877512 /* Release */ = {
			isa = XCBuildConfiguration;
			buildSettings = {
				ALWAYS_SEARCH_USER_PATHS = NO;
				ASSETCATALOG_COMPILER_GENERATE_SWIFT_ASSET_SYMBOL_EXTENSIONS = YES;
				CLANG_ANALYZER_LOCALIZABILITY_NONLOCALIZED = YES;
				CLANG_ANALYZER_NONNULL = YES;
				CLANG_ANALYZER_NUMBER_OBJECT_CONVERSION = YES_AGGRESSIVE;
				CLANG_CXX_LANGUAGE_STANDARD = "gnu++20";
				CLANG_ENABLE_MODULES = YES;
				CLANG_ENABLE_OBJC_ARC = YES;
				CLANG_ENABLE_OBJC_WEAK = YES;
				CLANG_WARN_BLOCK_CAPTURE_AUTORELEASING = YES;
				CLANG_WARN_BOOL_CONVERSION = YES;
				CLANG_WARN_COMMA = YES;
				CLANG_WARN_CONSTANT_CONVERSION = YES;
				CLANG_WARN_DEPRECATED_OBJC_IMPLEMENTATIONS = YES;
				CLANG_WARN_DIRECT_OBJC_ISA_USAGE = YES_ERROR;
				CLANG_WARN_DOCUMENTATION_COMMENTS = YES;
				CLANG_WARN_EMPTY_BODY = YES;
				CLANG_WARN_ENUM_CONVERSION = YES;
				CLANG_WARN_INFINITE_RECURSION = YES;
				CLANG_WARN_INT_CONVERSION = YES;
				CLANG_WARN_NON_LITERAL_NULL_CONVERSION = YES;
				CLANG_WARN_OBJC_IMPLICIT_RETAIN_SELF = YES;
				CLANG_WARN_OBJC_LITERAL_CONVERSION = YES;
				CLANG_WARN_OBJC_ROOT_CLASS = YES_ERROR;
				CLANG_WARN_QUOTED_INCLUDE_IN_FRAMEWORK_HEADER = YES;
				CLANG_WARN_RANGE_LOOP_ANALYSIS = YES;
				CLANG_WARN_STRICT_PROTOTYPES = YES;
				CLANG_WARN_SUSPICIOUS_MOVE = YES;
				CLANG_WARN_UNGUARDED_AVAILABILITY = YES_AGGRESSIVE;
				CLANG_WARN_UNREACHABLE_CODE = YES;
				CLANG_WARN__DUPLICATE_METHOD_MATCH = YES;
				COPY_PHASE_STRIP = NO;
				DEBUG_INFORMATION_FORMAT = "dwarf-with-dsym";
				ENABLE_NS_ASSERTIONS = NO;
				ENABLE_STRICT_OBJC_MSGSEND = YES;
				ENABLE_USER_SCRIPT_SANDBOXING = NO;
				GCC_C_LANGUAGE_STANDARD = gnu17;
				GCC_NO_COMMON_BLOCKS = YES;
				GCC_WARN_64_TO_32_BIT_CONVERSION = YES;
				GCC_WARN_ABOUT_RETURN_TYPE = YES_ERROR;
				GCC_WARN_UNDECLARED_SELECTOR = YES;
				GCC_WARN_UNINITIALIZED_AUTOS = YES_AGGRESSIVE;
				GCC_WARN_UNUSED_FUNCTION = YES;
				GCC_WARN_UNUSED_VARIABLE = YES;
				IPHONEOS_DEPLOYMENT_TARGET = 17.0;
				LOCALIZATION_PREFERS_STRING_CATALOGS = YES;
				MTL_ENABLE_DEBUG_INFO = NO;
				MTL_FAST_MATH = YES;
				SDKROOT = iphoneos;
				SWIFT_COMPILATION_MODE = wholemodule;
				VALIDATE_PRODUCT = YES;
			};
			name = Release;
		};
		EE92974F2B1F2A2C00877512 /* Debug */ = {
			isa = XCBuildConfiguration;
			buildSettings = {
				ASSETCATALOG_COMPILER_APPICON_NAME = AppIcon;
				ASSETCATALOG_COMPILER_GLOBAL_ACCENT_COLOR_NAME = AccentColor;
				CODE_SIGN_STYLE = Automatic;
				CURRENT_PROJECT_VERSION = 1;
				DEVELOPMENT_TEAM = 4U8DMJ33ZN;
				GENERATE_INFOPLIST_FILE = YES;
				INFOPLIST_FILE = Sportify/Info.plist;
				INFOPLIST_KEY_UIApplicationSupportsIndirectInputEvents = YES;
				INFOPLIST_KEY_UILaunchStoryboardName = LaunchScreen;
				INFOPLIST_KEY_UISupportedInterfaceOrientations_iPad = "UIInterfaceOrientationPortrait UIInterfaceOrientationPortraitUpsideDown UIInterfaceOrientationLandscapeLeft UIInterfaceOrientationLandscapeRight";
				INFOPLIST_KEY_UISupportedInterfaceOrientations_iPhone = "UIInterfaceOrientationPortrait UIInterfaceOrientationLandscapeLeft UIInterfaceOrientationLandscapeRight";
				IPHONEOS_DEPLOYMENT_TARGET = 15.0;
				LD_RUNPATH_SEARCH_PATHS = (
					"$(inherited)",
					"@executable_path/Frameworks",
				);
				MARKETING_VERSION = 1.0;
				PRODUCT_BUNDLE_IDENTIFIER = com.yamany.Sportify;
				PRODUCT_NAME = "$(TARGET_NAME)";
				SWIFT_EMIT_LOC_STRINGS = YES;
				SWIFT_VERSION = 5.0;
				TARGETED_DEVICE_FAMILY = "1,2";
			};
			name = Debug;
		};
		EE9297502B1F2A2C00877512 /* Release */ = {
			isa = XCBuildConfiguration;
			buildSettings = {
				ASSETCATALOG_COMPILER_APPICON_NAME = AppIcon;
				ASSETCATALOG_COMPILER_GLOBAL_ACCENT_COLOR_NAME = AccentColor;
				CODE_SIGN_STYLE = Automatic;
				CURRENT_PROJECT_VERSION = 1;
				DEVELOPMENT_TEAM = 4U8DMJ33ZN;
				GENERATE_INFOPLIST_FILE = YES;
				INFOPLIST_FILE = Sportify/Info.plist;
				INFOPLIST_KEY_UIApplicationSupportsIndirectInputEvents = YES;
				INFOPLIST_KEY_UILaunchStoryboardName = LaunchScreen;
				INFOPLIST_KEY_UISupportedInterfaceOrientations_iPad = "UIInterfaceOrientationPortrait UIInterfaceOrientationPortraitUpsideDown UIInterfaceOrientationLandscapeLeft UIInterfaceOrientationLandscapeRight";
				INFOPLIST_KEY_UISupportedInterfaceOrientations_iPhone = "UIInterfaceOrientationPortrait UIInterfaceOrientationLandscapeLeft UIInterfaceOrientationLandscapeRight";
				IPHONEOS_DEPLOYMENT_TARGET = 15.0;
				LD_RUNPATH_SEARCH_PATHS = (
					"$(inherited)",
					"@executable_path/Frameworks",
				);
				MARKETING_VERSION = 1.0;
				PRODUCT_BUNDLE_IDENTIFIER = com.yamany.Sportify;
				PRODUCT_NAME = "$(TARGET_NAME)";
				SWIFT_EMIT_LOC_STRINGS = YES;
				SWIFT_VERSION = 5.0;
				TARGETED_DEVICE_FAMILY = "1,2";
			};
			name = Release;
		};
/* End XCBuildConfiguration section */

/* Begin XCConfigurationList section */
		EE9297352B1F2A2A00877512 /* Build configuration list for PBXProject "Sportify" */ = {
			isa = XCConfigurationList;
			buildConfigurations = (
				EE92974C2B1F2A2C00877512 /* Debug */,
				EE92974D2B1F2A2C00877512 /* Release */,
			);
			defaultConfigurationIsVisible = 0;
			defaultConfigurationName = Release;
		};
		EE92974E2B1F2A2C00877512 /* Build configuration list for PBXNativeTarget "Sportify" */ = {
			isa = XCConfigurationList;
			buildConfigurations = (
				EE92974F2B1F2A2C00877512 /* Debug */,
				EE9297502B1F2A2C00877512 /* Release */,
			);
			defaultConfigurationIsVisible = 0;
			defaultConfigurationName = Release;
		};
/* End XCConfigurationList section */

/* Begin XCLocalSwiftPackageReference section */
		EE9297902B1F63F300877512 /* XCLocalSwiftPackageReference "Packages/Extensions" */ = {
			isa = XCLocalSwiftPackageReference;
			relativePath = Packages/Extensions;
		};
/* End XCLocalSwiftPackageReference section */

/* Begin XCSwiftPackageProductDependency section */
		EE9297912B1F63F400877512 /* Extensions */ = {
			isa = XCSwiftPackageProductDependency;
			productName = Extensions;
		};
/* End XCSwiftPackageProductDependency section */
	};
	rootObject = EE9297322B1F2A2A00877512 /* Project object */;
}
